// !$*UTF8*$!
{
	archiveVersion = 1;
	classes = {
	};
	objectVersion = 46;
	objects = {

/* Begin PBXBuildFile section */
		B23D22071A7237B4005E50A4 /* JTSAnimatedGIFUtility.m in Sources */ = {isa = PBXBuildFile; fileRef = B23D21FC1A7237B4005E50A4 /* JTSAnimatedGIFUtility.m */; };
		B23D22081A7237B4005E50A4 /* JTSImageInfo.m in Sources */ = {isa = PBXBuildFile; fileRef = B23D21FE1A7237B4005E50A4 /* JTSImageInfo.m */; };
		B23D22091A7237B4005E50A4 /* JTSImageViewController.m in Sources */ = {isa = PBXBuildFile; fileRef = B23D22001A7237B4005E50A4 /* JTSImageViewController.m */; };
		B23D220A1A7237B4005E50A4 /* JTSSimpleImageDownloader.m in Sources */ = {isa = PBXBuildFile; fileRef = B23D22021A7237B4005E50A4 /* JTSSimpleImageDownloader.m */; };
		B23D220B1A7237B4005E50A4 /* UIApplication+JTSImageViewController.m in Sources */ = {isa = PBXBuildFile; fileRef = B23D22041A7237B4005E50A4 /* UIApplication+JTSImageViewController.m */; };
		B23D220C1A7237B4005E50A4 /* UIImage+JTSImageEffects.m in Sources */ = {isa = PBXBuildFile; fileRef = B23D22061A7237B4005E50A4 /* UIImage+JTSImageEffects.m */; };
		B26468CF1A73755700554368 /* adventuretime-awkward-sibling-hug.gif in Resources */ = {isa = PBXBuildFile; fileRef = B26468321A73755700554368 /* adventuretime-awkward-sibling-hug.gif */; };
		B26468D01A73755700554368 /* adventuretime-badbiscuits.gif in Resources */ = {isa = PBXBuildFile; fileRef = B26468331A73755700554368 /* adventuretime-badbiscuits.gif */; };
		B26468D11A73755700554368 /* adventuretime-bmo-dancing.gif in Resources */ = {isa = PBXBuildFile; fileRef = B26468341A73755700554368 /* adventuretime-bmo-dancing.gif */; };
		B26468D21A73755700554368 /* adventuretime-bmo-maddog.gif in Resources */ = {isa = PBXBuildFile; fileRef = B26468351A73755700554368 /* adventuretime-bmo-maddog.gif */; };
		B26468D31A73755700554368 /* adventuretime-bmochalk.gif in Resources */ = {isa = PBXBuildFile; fileRef = B26468361A73755700554368 /* adventuretime-bmochalk.gif */; };
		B26468D41A73755700554368 /* adventuretime-bmodancing.gif in Resources */ = {isa = PBXBuildFile; fileRef = B26468371A73755700554368 /* adventuretime-bmodancing.gif */; };
		B26468D51A73755700554368 /* adventuretime-Dancing.gif in Resources */ = {isa = PBXBuildFile; fileRef = B26468381A73755700554368 /* adventuretime-Dancing.gif */; };
		B26468D61A73755700554368 /* adventuretime-Gotcha.gif in Resources */ = {isa = PBXBuildFile; fileRef = B26468391A73755700554368 /* adventuretime-Gotcha.gif */; };
		B26468D71A73755700554368 /* adventuretime-highfive.gif in Resources */ = {isa = PBXBuildFile; fileRef = B264683A1A73755700554368 /* adventuretime-highfive.gif */; };
		B26468D81A73755700554368 /* adventuretime-jake-excited-stars.gif in Resources */ = {isa = PBXBuildFile; fileRef = B264683B1A73755700554368 /* adventuretime-jake-excited-stars.gif */; };
		B26468D91A73755700554368 /* adventuretime-jake-excited-stars2.gif in Resources */ = {isa = PBXBuildFile; fileRef = B264683C1A73755700554368 /* adventuretime-jake-excited-stars2.gif */; };
		B26468DA1A73755700554368 /* adventuretime-jake-rainbow.gif in Resources */ = {isa = PBXBuildFile; fileRef = B264683D1A73755700554368 /* adventuretime-jake-rainbow.gif */; };
		B26468DB1A73755700554368 /* adventuretime-jakebuttcar.gif in Resources */ = {isa = PBXBuildFile; fileRef = B264683E1A73755700554368 /* adventuretime-jakebuttcar.gif */; };
		B26468DC1A73755700554368 /* adventuretime-nope.gif in Resources */ = {isa = PBXBuildFile; fileRef = B264683F1A73755700554368 /* adventuretime-nope.gif */; };
		B26468DD1A73755700554368 /* adventureTime-OhMyGlob.gif in Resources */ = {isa = PBXBuildFile; fileRef = B26468401A73755700554368 /* adventureTime-OhMyGlob.gif */; };
		B26468DE1A73755700554368 /* adventuretime-poobrain.gif in Resources */ = {isa = PBXBuildFile; fileRef = B26468411A73755700554368 /* adventuretime-poobrain.gif */; };
		B26468DF1A73755700554368 /* adventuretime-slappedmybutt.gif in Resources */ = {isa = PBXBuildFile; fileRef = B26468421A73755700554368 /* adventuretime-slappedmybutt.gif */; };
		B26468E01A73755700554368 /* adventuretime-squeezefart.gif in Resources */ = {isa = PBXBuildFile; fileRef = B26468431A73755700554368 /* adventuretime-squeezefart.gif */; };
		B26468E11A73755700554368 /* adventuretime-suckingatsomething.gif in Resources */ = {isa = PBXBuildFile; fileRef = B26468441A73755700554368 /* adventuretime-suckingatsomething.gif */; };
		B26468E21A73755700554368 /* adventureTime-Sweat.gif in Resources */ = {isa = PBXBuildFile; fileRef = B26468451A73755700554368 /* adventureTime-Sweat.gif */; };
		B26468E31A73755700554368 /* adventuretime-sweatpants.gif in Resources */ = {isa = PBXBuildFile; fileRef = B26468461A73755700554368 /* adventuretime-sweatpants.gif */; };
		B26468E41A73755700554368 /* adventuretime-thumbsup.gif in Resources */ = {isa = PBXBuildFile; fileRef = B26468471A73755700554368 /* adventuretime-thumbsup.gif */; };
		B26468E51A73755700554368 /* adventureTime-TossTable.gif in Resources */ = {isa = PBXBuildFile; fileRef = B26468481A73755700554368 /* adventureTime-TossTable.gif */; };
		B26468E61A73755700554368 /* adventuretime-totoro.gif in Resources */ = {isa = PBXBuildFile; fileRef = B26468491A73755700554368 /* adventuretime-totoro.gif */; };
		B26468E71A73755700554368 /* adventureTime-Universe.gif in Resources */ = {isa = PBXBuildFile; fileRef = B264684A1A73755700554368 /* adventureTime-Universe.gif */; };
		B26468E81A73755700554368 /* Andy-Nahnah.gif in Resources */ = {isa = PBXBuildFile; fileRef = B264684B1A73755700554368 /* Andy-Nahnah.gif */; };
		B26468E91A73755700554368 /* arresteddevelopment-excuseme.gif in Resources */ = {isa = PBXBuildFile; fileRef = B264684C1A73755700554368 /* arresteddevelopment-excuseme.gif */; };
		B26468EA1A73755700554368 /* Asian-OldVictory.gif in Resources */ = {isa = PBXBuildFile; fileRef = B264684D1A73755700554368 /* Asian-OldVictory.gif */; };
		B26468EB1A73755700554368 /* Awkward-Donald-Glover-GIF.gif in Resources */ = {isa = PBXBuildFile; fileRef = B264684E1A73755700554368 /* Awkward-Donald-Glover-GIF.gif */; };
		B26468EC1A73755700554368 /* BabyDinoLaughing.gif in Resources */ = {isa = PBXBuildFile; fileRef = B264684F1A73755700554368 /* BabyDinoLaughing.gif */; };
		B26468ED1A73755700554368 /* BabyThrowsMoney.gif in Resources */ = {isa = PBXBuildFile; fileRef = B26468501A73755700554368 /* BabyThrowsMoney.gif */; };
		B26468EE1A73755700554368 /* BalancingPolitician.gif in Resources */ = {isa = PBXBuildFile; fileRef = B26468511A73755700554368 /* BalancingPolitician.gif */; };
		B26468EF1A73755700554368 /* BassToFace.gif in Resources */ = {isa = PBXBuildFile; fileRef = B26468521A73755700554368 /* BassToFace.gif */; };
		B26468F01A73755700554368 /* BeatingDeadHorse.gif in Resources */ = {isa = PBXBuildFile; fileRef = B26468531A73755700554368 /* BeatingDeadHorse.gif */; };
		B26468F11A73755700554368 /* BlackGirlSquint.GIF in Resources */ = {isa = PBXBuildFile; fileRef = B26468541A73755700554368 /* BlackGirlSquint.GIF */; };
		B26468F21A73755700554368 /* Boring30Rock.gif in Resources */ = {isa = PBXBuildFile; fileRef = B26468551A73755700554368 /* Boring30Rock.gif */; };
		B26468F31A73755700554368 /* BrazilKidCryWorldCup.gif in Resources */ = {isa = PBXBuildFile; fileRef = B26468561A73755700554368 /* BrazilKidCryWorldCup.gif */; };
		B26468F41A73755700554368 /* cat-breadface.gif in Resources */ = {isa = PBXBuildFile; fileRef = B26468571A73755700554368 /* cat-breadface.gif */; };
		B26468F51A73755700554368 /* cat-mustache-glasses-shake.gif in Resources */ = {isa = PBXBuildFile; fileRef = B26468581A73755700554368 /* cat-mustache-glasses-shake.gif */; };
		B26468F61A73755700554368 /* Cat-Stare.GIF in Resources */ = {isa = PBXBuildFile; fileRef = B26468591A73755700554368 /* Cat-Stare.GIF */; };
		B26468F71A73755700554368 /* Cat-What!?.gif in Resources */ = {isa = PBXBuildFile; fileRef = B264685A1A73755700554368 /* Cat-What!?.gif */; };
		B26468F81A73755700554368 /* CatAndShaq.gif in Resources */ = {isa = PBXBuildFile; fileRef = B264685B1A73755700554368 /* CatAndShaq.gif */; };
		B26468F91A73755700554368 /* chrisfarley-dafuq.gif in Resources */ = {isa = PBXBuildFile; fileRef = B264685C1A73755700554368 /* chrisfarley-dafuq.gif */; };
		B26468FA1A73755700554368 /* ChrisFarleyDancing.gif in Resources */ = {isa = PBXBuildFile; fileRef = B264685D1A73755700554368 /* ChrisFarleyDancing.gif */; };
		B26468FB1A73755700554368 /* Community-DancingAnnie.gif in Resources */ = {isa = PBXBuildFile; fileRef = B264685E1A73755700554368 /* Community-DancingAnnie.gif */; };
		B26468FC1A73755700554368 /* Community-DancingAnnie2.gif in Resources */ = {isa = PBXBuildFile; fileRef = B264685F1A73755700554368 /* Community-DancingAnnie2.gif */; };
		B26468FD1A73755700554368 /* community-troyroomonfire.gif in Resources */ = {isa = PBXBuildFile; fileRef = B26468601A73755700554368 /* community-troyroomonfire.gif */; };
		B26468FE1A73755700554368 /* CookieMonsterHugeCookie.gif in Resources */ = {isa = PBXBuildFile; fileRef = B26468611A73755700554368 /* CookieMonsterHugeCookie.gif */; };
		B26468FF1A73755700554368 /* Dancing-Batman.GIF in Resources */ = {isa = PBXBuildFile; fileRef = B26468621A73755700554368 /* Dancing-Batman.GIF */; };
		B26469001A73755700554368 /* Dancing-Carlton.gif in Resources */ = {isa = PBXBuildFile; fileRef = B26468631A73755700554368 /* Dancing-Carlton.gif */; };
		B26469011A73755700554368 /* Dancing-SilentJayAndBob.gif in Resources */ = {isa = PBXBuildFile; fileRef = B26468641A73755700554368 /* Dancing-SilentJayAndBob.gif */; };
		B26469021A73755700554368 /* Dancing-Snuggies.gif in Resources */ = {isa = PBXBuildFile; fileRef = B26468651A73755700554368 /* Dancing-Snuggies.gif */; };
		B26469031A73755700554368 /* Dancing-WillSmith.gif in Resources */ = {isa = PBXBuildFile; fileRef = B26468661A73755700554368 /* Dancing-WillSmith.gif */; };
		B26469041A73755700554368 /* Dancing-WillSmith2.gif in Resources */ = {isa = PBXBuildFile; fileRef = B26468671A73755700554368 /* Dancing-WillSmith2.gif */; };
		B26469051A73755700554368 /* DancingPonyDudesBronies.gif in Resources */ = {isa = PBXBuildFile; fileRef = B26468681A73755700554368 /* DancingPonyDudesBronies.gif */; };
		B26469061A73755700554368 /* DancingRobotShuffle.gif in Resources */ = {isa = PBXBuildFile; fileRef = B26468691A73755700554368 /* DancingRobotShuffle.gif */; };
		B26469071A73755700554368 /* DavidSpade-JoeDirt.gif in Resources */ = {isa = PBXBuildFile; fileRef = B264686A1A73755700554368 /* DavidSpade-JoeDirt.gif */; };
		B26469081A73755700554368 /* DealWithIt-Owl.gif in Resources */ = {isa = PBXBuildFile; fileRef = B264686B1A73755700554368 /* DealWithIt-Owl.gif */; };
		B26469091A73755700554368 /* DealWithIt-Spider.gif in Resources */ = {isa = PBXBuildFile; fileRef = B264686C1A73755700554368 /* DealWithIt-Spider.gif */; };
		B264690A1A73755700554368 /* DrWho-Dancing.gif in Resources */ = {isa = PBXBuildFile; fileRef = B264686D1A73755700554368 /* DrWho-Dancing.gif */; };
		B264690B1A73755700554368 /* DrWho-RegretNothing.gif in Resources */ = {isa = PBXBuildFile; fileRef = B264686E1A73755700554368 /* DrWho-RegretNothing.gif */; };
		B264690C1A73755700554368 /* dwight-scream.gif in Resources */ = {isa = PBXBuildFile; fileRef = B264686F1A73755700554368 /* dwight-scream.gif */; };
		B264690D1A73755700554368 /* Elf-Dancing.gif in Resources */ = {isa = PBXBuildFile; fileRef = B26468701A73755700554368 /* Elf-Dancing.gif */; };
		B264690E1A73755700554368 /* endless-clap-citizen-kane.gif in Resources */ = {isa = PBXBuildFile; fileRef = B26468711A73755700554368 /* endless-clap-citizen-kane.gif */; };
		B264690F1A73755700554368 /* Endless-DragonBall.gif in Resources */ = {isa = PBXBuildFile; fileRef = B26468721A73755700554368 /* Endless-DragonBall.gif */; };
		B26469101A73755700554368 /* Endless-Drumming.gif in Resources */ = {isa = PBXBuildFile; fileRef = B26468731A73755700554368 /* Endless-Drumming.gif */; };
		B26469111A73755700554368 /* Endless-IndianaJones.gif in Resources */ = {isa = PBXBuildFile; fileRef = B26468741A73755700554368 /* Endless-IndianaJones.gif */; };
		B26469121A73755700554368 /* Endless-JapaneseMonkey.gif in Resources */ = {isa = PBXBuildFile; fileRef = B26468751A73755700554368 /* Endless-JapaneseMonkey.gif */; };
		B26469131A73755700554368 /* Endless-Money.gif in Resources */ = {isa = PBXBuildFile; fileRef = B26468761A73755700554368 /* Endless-Money.gif */; };
		B26469141A73755700554368 /* Endless-Monkey.gif in Resources */ = {isa = PBXBuildFile; fileRef = B26468771A73755700554368 /* Endless-Monkey.gif */; };
		B26469151A73755700554368 /* Endless-RainingBuffalo.gif in Resources */ = {isa = PBXBuildFile; fileRef = B26468781A73755700554368 /* Endless-RainingBuffalo.gif */; };
		B26469161A73755700554368 /* Endless-snow.gif in Resources */ = {isa = PBXBuildFile; fileRef = B26468791A73755700554368 /* Endless-snow.gif */; };
		B26469171A73755700554368 /* ErnieLookUpCrazy.gif in Resources */ = {isa = PBXBuildFile; fileRef = B264687A1A73755700554368 /* ErnieLookUpCrazy.gif */; };
		B26469181A73755700554368 /* ExcitedBlackGuyDancing.gif in Resources */ = {isa = PBXBuildFile; fileRef = B264687B1A73755700554368 /* ExcitedBlackGuyDancing.gif */; };
		B26469191A73755700554368 /* ExcitedElfWill.gif in Resources */ = {isa = PBXBuildFile; fileRef = B264687C1A73755700554368 /* ExcitedElfWill.gif */; };
		B264691A1A73755700554368 /* ExcitedKidDancing.gif in Resources */ = {isa = PBXBuildFile; fileRef = B264687D1A73755700554368 /* ExcitedKidDancing.gif */; };
		B264691B1A73755700554368 /* ExcitedKidsSpongebobFreakingOut.gif in Resources */ = {isa = PBXBuildFile; fileRef = B264687E1A73755700554368 /* ExcitedKidsSpongebobFreakingOut.gif */; };
		B264691C1A73755700554368 /* ExcitedScreamingMan.gif in Resources */ = {isa = PBXBuildFile; fileRef = B264687F1A73755700554368 /* ExcitedScreamingMan.gif */; };
		B264691D1A73755700554368 /* FamilyGuy-FatGuyWalking.gif in Resources */ = {isa = PBXBuildFile; fileRef = B26468801A73755700554368 /* FamilyGuy-FatGuyWalking.gif */; };
		B264691E1A73755700554368 /* Firefly-DancingMal.gif in Resources */ = {isa = PBXBuildFile; fileRef = B26468811A73755700554368 /* Firefly-DancingMal.gif */; };
		B264691F1A73755700554368 /* FrySwint.gif in Resources */ = {isa = PBXBuildFile; fileRef = B26468821A73755700554368 /* FrySwint.gif */; };
		B26469201A73755700554368 /* FurSure.gif in Resources */ = {isa = PBXBuildFile; fileRef = B26468831A73755700554368 /* FurSure.gif */; };
		B26469211A73755700554368 /* GaryBusey-Pants.gif in Resources */ = {isa = PBXBuildFile; fileRef = B26468841A73755700554368 /* GaryBusey-Pants.gif */; };
		B26469221A73755700554368 /* GaryBuseyAirDrums.gif in Resources */ = {isa = PBXBuildFile; fileRef = B26468851A73755700554368 /* GaryBuseyAirDrums.gif */; };
		B26469231A73755700554368 /* GeorgeTakei-OhMy.gif in Resources */ = {isa = PBXBuildFile; fileRef = B26468861A73755700554368 /* GeorgeTakei-OhMy.gif */; };
		B26469241A73755700554368 /* GnomeBarfingRainbows.gif in Resources */ = {isa = PBXBuildFile; fileRef = B26468871A73755700554368 /* GnomeBarfingRainbows.gif */; };
		B26469251A73755700554368 /* GroundFaceplant.gif in Resources */ = {isa = PBXBuildFile; fileRef = B26468881A73755700554368 /* GroundFaceplant.gif */; };
		B26469261A73755700554368 /* ha-gay-gif.gif in Resources */ = {isa = PBXBuildFile; fileRef = B26468891A73755700554368 /* ha-gay-gif.gif */; };
		B26469271A73755700554368 /* HighFive-SNL.gif in Resources */ = {isa = PBXBuildFile; fileRef = B264688A1A73755700554368 /* HighFive-SNL.gif */; };
		B26469281A73755700554368 /* HoneyBooBooSarcasticAwesome.gif in Resources */ = {isa = PBXBuildFile; fileRef = B264688B1A73755700554368 /* HoneyBooBooSarcasticAwesome.gif */; };
		B26469291A73755700554368 /* HotRod-Dancing.gif in Resources */ = {isa = PBXBuildFile; fileRef = B264688C1A73755700554368 /* HotRod-Dancing.gif */; };
		B264692A1A73755700554368 /* HotRod-ThumbsUp.gif in Resources */ = {isa = PBXBuildFile; fileRef = B264688D1A73755700554368 /* HotRod-ThumbsUp.gif */; };
		B264692B1A73755700554368 /* IAmSmiling.gif in Resources */ = {isa = PBXBuildFile; fileRef = B264688E1A73755700554368 /* IAmSmiling.gif */; };
		B264692C1A73755700554368 /* Idontknow.gif in Resources */ = {isa = PBXBuildFile; fileRef = B264688F1A73755700554368 /* Idontknow.gif */; };
		B264692D1A73755700554368 /* im_retarded.gif in Resources */ = {isa = PBXBuildFile; fileRef = B26468901A73755700554368 /* im_retarded.gif */; };
		B264692E1A73755700554368 /* IndianLookDeep.gif in Resources */ = {isa = PBXBuildFile; fileRef = B26468911A73755700554368 /* IndianLookDeep.gif */; };
		B264692F1A73755700554368 /* ITCrowd-Richmond.gif in Resources */ = {isa = PBXBuildFile; fileRef = B26468921A73755700554368 /* ITCrowd-Richmond.gif */; };
		B26469301A73755700554368 /* JapaneseNoodles.gif in Resources */ = {isa = PBXBuildFile; fileRef = B26468931A73755700554368 /* JapaneseNoodles.gif */; };
		B26469311A73755700554368 /* JizzInMyPants.GIF in Resources */ = {isa = PBXBuildFile; fileRef = B26468941A73755700554368 /* JizzInMyPants.GIF */; };
		B26469321A73755700554368 /* JumpIntoShark.gif in Resources */ = {isa = PBXBuildFile; fileRef = B26468951A73755700554368 /* JumpIntoShark.gif */; };
		B26469331A73755700554368 /* KingOfHill-ShakeHead.gif in Resources */ = {isa = PBXBuildFile; fileRef = B26468961A73755700554368 /* KingOfHill-ShakeHead.gif */; };
		B26469341A73755700554368 /* KoalaGettingPunch.gif in Resources */ = {isa = PBXBuildFile; fileRef = B26468971A73755700554368 /* KoalaGettingPunch.gif */; };
		B26469351A73755700554368 /* LittleGirl-PushingCarOffTable.gif in Resources */ = {isa = PBXBuildFile; fileRef = B26468981A73755700554368 /* LittleGirl-PushingCarOffTable.gif */; };
		B26469361A73755700554368 /* MicDropCommunity.gif in Resources */ = {isa = PBXBuildFile; fileRef = B26468991A73755700554368 /* MicDropCommunity.gif */; };
		B26469371A73755700554368 /* MindBlown.gif in Resources */ = {isa = PBXBuildFile; fileRef = B264689A1A73755700554368 /* MindBlown.gif */; };
		B26469381A73755700554368 /* mindblownllama.gif in Resources */ = {isa = PBXBuildFile; fileRef = B264689B1A73755700554368 /* mindblownllama.gif */; };
		B26469391A73755700554368 /* MontyPython-Pthththt.gif in Resources */ = {isa = PBXBuildFile; fileRef = B264689C1A73755700554368 /* MontyPython-Pthththt.gif */; };
		B264693A1A73755700554368 /* No-StarTrek.gif in Resources */ = {isa = PBXBuildFile; fileRef = B264689D1A73755700554368 /* No-StarTrek.gif */; };
		B264693B1A73755700554368 /* Nod-ArrestedDev.gif in Resources */ = {isa = PBXBuildFile; fileRef = B264689E1A73755700554368 /* Nod-ArrestedDev.gif */; };
		B264693C1A73755700554368 /* Nod-Batman.GIF in Resources */ = {isa = PBXBuildFile; fileRef = B264689F1A73755700554368 /* Nod-Batman.GIF */; };
		B264693D1A73755700554368 /* Nod-StarTrek.gif in Resources */ = {isa = PBXBuildFile; fileRef = B26468A01A73755700554368 /* Nod-StarTrek.gif */; };
		B264693E1A73755700554368 /* NoShakeHeadAfro.gif in Resources */ = {isa = PBXBuildFile; fileRef = B26468A11A73755700554368 /* NoShakeHeadAfro.gif */; };
		B264693F1A73755700554368 /* Okay.gif in Resources */ = {isa = PBXBuildFile; fileRef = B26468A21A73755700554368 /* Okay.gif */; };
		B26469401A73755700554368 /* PandaPlayingKids.gif in Resources */ = {isa = PBXBuildFile; fileRef = B26468A31A73755700554368 /* PandaPlayingKids.gif */; };
		B26469411A73755700554368 /* PandaShoppingCart.gif in Resources */ = {isa = PBXBuildFile; fileRef = B26468A41A73755700554368 /* PandaShoppingCart.gif */; };
		B26469421A73755700554368 /* ParksAndRec-Andy-Dude.gif in Resources */ = {isa = PBXBuildFile; fileRef = B26468A51A73755700554368 /* ParksAndRec-Andy-Dude.gif */; };
		B26469431A73755700554368 /* ParksAndRec-EndlessWiping.GIF in Resources */ = {isa = PBXBuildFile; fileRef = B26468A61A73755700554368 /* ParksAndRec-EndlessWiping.GIF */; };
		B26469441A73755700554368 /* ParksAndRec-RonDesk.gif in Resources */ = {isa = PBXBuildFile; fileRef = B26468A71A73755700554368 /* ParksAndRec-RonDesk.gif */; };
		B26469451A73755700554368 /* ParksAndRec-WeSmart.gif in Resources */ = {isa = PBXBuildFile; fileRef = B26468A81A73755700554368 /* ParksAndRec-WeSmart.gif */; };
		B26469461A73755700554368 /* ParksAndRec-WipeHundredTimes.gif in Resources */ = {isa = PBXBuildFile; fileRef = B26468A91A73755700554368 /* ParksAndRec-WipeHundredTimes.gif */; };
		B26469471A73755700554368 /* PartyHard.gif in Resources */ = {isa = PBXBuildFile; fileRef = B26468AA1A73755700554368 /* PartyHard.gif */; };
		B26469481A73755700554368 /* PaulRudd-Waat?.gif in Resources */ = {isa = PBXBuildFile; fileRef = B26468AB1A73755700554368 /* PaulRudd-Waat?.gif */; };
		B26469491A73755700554368 /* PokemonMagcarp.gif in Resources */ = {isa = PBXBuildFile; fileRef = B26468AC1A73755700554368 /* PokemonMagcarp.gif */; };
		B264694A1A73755700554368 /* Popcorn.gif in Resources */ = {isa = PBXBuildFile; fileRef = B26468AD1A73755700554368 /* Popcorn.gif */; };
		B264694B1A73755700554368 /* PowerRangers-HatersGonnaHate.gif in Resources */ = {isa = PBXBuildFile; fileRef = B26468AE1A73755700554368 /* PowerRangers-HatersGonnaHate.gif */; };
		B264694C1A73755700554368 /* PowerRangersNo.gif in Resources */ = {isa = PBXBuildFile; fileRef = B26468AF1A73755700554368 /* PowerRangersNo.gif */; };
		B264694D1A73755700554368 /* President-Mandel-Translator.gif in Resources */ = {isa = PBXBuildFile; fileRef = B26468B01A73755700554368 /* President-Mandel-Translator.gif */; };
		B264694E1A73755700554368 /* Psych-Sure.gif in Resources */ = {isa = PBXBuildFile; fileRef = B26468B11A73755700554368 /* Psych-Sure.gif */; };
		B264694F1A73755700554368 /* psych-youknowthatsright.gif in Resources */ = {isa = PBXBuildFile; fileRef = B26468B21A73755700554368 /* psych-youknowthatsright.gif */; };
		B26469501A73755700554368 /* Radical-Goat.gif in Resources */ = {isa = PBXBuildFile; fileRef = B26468B31A73755700554368 /* Radical-Goat.gif */; };
		B26469511A73755700554368 /* RichardSimmons.GIF in Resources */ = {isa = PBXBuildFile; fileRef = B26468B41A73755700554368 /* RichardSimmons.GIF */; };
		B26469521A73755700554368 /* SchoolOfRock.gif in Resources */ = {isa = PBXBuildFile; fileRef = B26468B51A73755700554368 /* SchoolOfRock.gif */; };
		B26469531A73755700554368 /* SherlockUnableToContainExcitement.gif in Resources */ = {isa = PBXBuildFile; fileRef = B26468B61A73755700554368 /* SherlockUnableToContainExcitement.gif */; };
		B26469541A73755700554368 /* Skeptical-Boy.gif in Resources */ = {isa = PBXBuildFile; fileRef = B26468B71A73755700554368 /* Skeptical-Boy.gif */; };
		B26469551A73755700554368 /* Skeptical-LittleGirl.gif in Resources */ = {isa = PBXBuildFile; fileRef = B26468B81A73755700554368 /* Skeptical-LittleGirl.gif */; };
		B26469561A73755700554368 /* SlamDunk.gif in Resources */ = {isa = PBXBuildFile; fileRef = B26468B91A73755700554368 /* SlamDunk.gif */; };
		B26469571A73755700554368 /* Smiling-Girl.gif in Resources */ = {isa = PBXBuildFile; fileRef = B26468BA1A73755700554368 /* Smiling-Girl.gif */; };
		B26469581A73755700554368 /* SmilingNoddingMountainMan.gif in Resources */ = {isa = PBXBuildFile; fileRef = B26468BB1A73755700554368 /* SmilingNoddingMountainMan.gif */; };
		B26469591A73755700554368 /* Sniper-Ballon.gif in Resources */ = {isa = PBXBuildFile; fileRef = B26468BC1A73755700554368 /* Sniper-Ballon.gif */; };
		B264695A1A73755700554368 /* Spiderman-Ceiling.GIF in Resources */ = {isa = PBXBuildFile; fileRef = B26468BD1A73755700554368 /* Spiderman-Ceiling.GIF */; };
		B264695B1A73755700554368 /* Spongebob-RainbowButtSalt.gif in Resources */ = {isa = PBXBuildFile; fileRef = B26468BE1A73755700554368 /* Spongebob-RainbowButtSalt.gif */; };
		B264695C1A73755700554368 /* SpongebobDancing.gif in Resources */ = {isa = PBXBuildFile; fileRef = B26468BF1A73755700554368 /* SpongebobDancing.gif */; };
		B264695D1A73755700554368 /* SpongeBobImagination.gif in Resources */ = {isa = PBXBuildFile; fileRef = B26468C01A73755700554368 /* SpongeBobImagination.gif */; };
		B264695E1A73755700554368 /* StephenColbertGiveItToMe.gif in Resources */ = {isa = PBXBuildFile; fileRef = B26468C11A73755700554368 /* StephenColbertGiveItToMe.gif */; };
		B264695F1A73755700554368 /* StormTroopers-Dancing.gif in Resources */ = {isa = PBXBuildFile; fileRef = B26468C21A73755700554368 /* StormTroopers-Dancing.gif */; };
		B26469601A73755700554368 /* StormTroopersFistBump.gif in Resources */ = {isa = PBXBuildFile; fileRef = B26468C31A73755700554368 /* StormTroopersFistBump.gif */; };
		B26469611A73755700554368 /* StormTrooperTwerk.gif in Resources */ = {isa = PBXBuildFile; fileRef = B26468C41A73755700554368 /* StormTrooperTwerk.gif */; };
		B26469621A73755700554368 /* SubmarineInPuddle.GIF in Resources */ = {isa = PBXBuildFile; fileRef = B26468C51A73755700554368 /* SubmarineInPuddle.GIF */; };
		B26469631A73755700554368 /* Superhero-Selfie.gif in Resources */ = {isa = PBXBuildFile; fileRef = B26468C61A73755700554368 /* Superhero-Selfie.gif */; };
		B26469641A73755700554368 /* swanson-dance.gif in Resources */ = {isa = PBXBuildFile; fileRef = B26468C71A73755700554368 /* swanson-dance.gif */; };
		B26469651A73755700554368 /* Thankyou-FooFighters.gif in Resources */ = {isa = PBXBuildFile; fileRef = B26468C81A73755700554368 /* Thankyou-FooFighters.gif */; };
		B26469661A73755700554368 /* ThankYou.gif in Resources */ = {isa = PBXBuildFile; fileRef = B26468C91A73755700554368 /* ThankYou.gif */; };
		B26469671A73755700554368 /* TurntUp-Dancing.gif in Resources */ = {isa = PBXBuildFile; fileRef = B26468CA1A73755700554368 /* TurntUp-Dancing.gif */; };
		B26469681A73755700554368 /* valve-halflife3.gif in Resources */ = {isa = PBXBuildFile; fileRef = B26468CB1A73755700554368 /* valve-halflife3.gif */; };
		B26469691A73755700554368 /* WhoseLineIsItAnyway-Dancing.gif in Resources */ = {isa = PBXBuildFile; fileRef = B26468CC1A73755700554368 /* WhoseLineIsItAnyway-Dancing.gif */; };
		B264696A1A73755700554368 /* WhyNotBoth.gif in Resources */ = {isa = PBXBuildFile; fileRef = B26468CD1A73755700554368 /* WhyNotBoth.gif */; };
		B264696B1A73755700554368 /* yoda-why-you-fail.gif in Resources */ = {isa = PBXBuildFile; fileRef = B26468CE1A73755700554368 /* yoda-why-you-fail.gif */; };
		B2834FAC1A719C7000E30A3A /* GifHeaderView.swift in Sources */ = {isa = PBXBuildFile; fileRef = B2834FAB1A719C7000E30A3A /* GifHeaderView.swift */; };
		B2F1D0941A70F29000011DC4 /* AppDelegate.swift in Sources */ = {isa = PBXBuildFile; fileRef = B2F1D0931A70F29000011DC4 /* AppDelegate.swift */; };
		B2F1D0961A70F29000011DC4 /* GifViewController.swift in Sources */ = {isa = PBXBuildFile; fileRef = B2F1D0951A70F29000011DC4 /* GifViewController.swift */; };
		B2F1D0991A70F29000011DC4 /* Main.storyboard in Resources */ = {isa = PBXBuildFile; fileRef = B2F1D0971A70F29000011DC4 /* Main.storyboard */; };
		B2F1D09B1A70F29000011DC4 /* Images.xcassets in Resources */ = {isa = PBXBuildFile; fileRef = B2F1D09A1A70F29000011DC4 /* Images.xcassets */; };
		B2F1D09E1A70F29000011DC4 /* LaunchScreen.xib in Resources */ = {isa = PBXBuildFile; fileRef = B2F1D09C1A70F29000011DC4 /* LaunchScreen.xib */; };
		B2F1D0AA1A70F29000011DC4 /* GifVaultTests.swift in Sources */ = {isa = PBXBuildFile; fileRef = B2F1D0A91A70F29000011DC4 /* GifVaultTests.swift */; };
		B2F1D0B91A70F2D600011DC4 /* FLAnimatedImage.m in Sources */ = {isa = PBXBuildFile; fileRef = B2F1D0B61A70F2D600011DC4 /* FLAnimatedImage.m */; };
		B2F1D0BA1A70F2D600011DC4 /* FLAnimatedImageView.m in Sources */ = {isa = PBXBuildFile; fileRef = B2F1D0B81A70F2D600011DC4 /* FLAnimatedImageView.m */; };
		B2F1D0BC1A70F50D00011DC4 /* GifCell.swift in Sources */ = {isa = PBXBuildFile; fileRef = B2F1D0BB1A70F50D00011DC4 /* GifCell.swift */; };
/* End PBXBuildFile section */

/* Begin PBXContainerItemProxy section */
		B2F1D0A41A70F29000011DC4 /* PBXContainerItemProxy */ = {
			isa = PBXContainerItemProxy;
			containerPortal = B2F1D0861A70F29000011DC4 /* Project object */;
			proxyType = 1;
			remoteGlobalIDString = B2F1D08D1A70F29000011DC4;
			remoteInfo = GifVault;
		};
/* End PBXContainerItemProxy section */

/* Begin PBXFileReference section */
		B23D21FB1A7237B4005E50A4 /* JTSAnimatedGIFUtility.h */ = {isa = PBXFileReference; fileEncoding = 4; lastKnownFileType = sourcecode.c.h; path = JTSAnimatedGIFUtility.h; sourceTree = "<group>"; };
		B23D21FC1A7237B4005E50A4 /* JTSAnimatedGIFUtility.m */ = {isa = PBXFileReference; fileEncoding = 4; lastKnownFileType = sourcecode.c.objc; path = JTSAnimatedGIFUtility.m; sourceTree = "<group>"; };
		B23D21FD1A7237B4005E50A4 /* JTSImageInfo.h */ = {isa = PBXFileReference; fileEncoding = 4; lastKnownFileType = sourcecode.c.h; path = JTSImageInfo.h; sourceTree = "<group>"; };
		B23D21FE1A7237B4005E50A4 /* JTSImageInfo.m */ = {isa = PBXFileReference; fileEncoding = 4; lastKnownFileType = sourcecode.c.objc; path = JTSImageInfo.m; sourceTree = "<group>"; };
		B23D21FF1A7237B4005E50A4 /* JTSImageViewController.h */ = {isa = PBXFileReference; fileEncoding = 4; lastKnownFileType = sourcecode.c.h; path = JTSImageViewController.h; sourceTree = "<group>"; };
		B23D22001A7237B4005E50A4 /* JTSImageViewController.m */ = {isa = PBXFileReference; fileEncoding = 4; lastKnownFileType = sourcecode.c.objc; path = JTSImageViewController.m; sourceTree = "<group>"; };
		B23D22011A7237B4005E50A4 /* JTSSimpleImageDownloader.h */ = {isa = PBXFileReference; fileEncoding = 4; lastKnownFileType = sourcecode.c.h; path = JTSSimpleImageDownloader.h; sourceTree = "<group>"; };
		B23D22021A7237B4005E50A4 /* JTSSimpleImageDownloader.m */ = {isa = PBXFileReference; fileEncoding = 4; lastKnownFileType = sourcecode.c.objc; path = JTSSimpleImageDownloader.m; sourceTree = "<group>"; };
		B23D22031A7237B4005E50A4 /* UIApplication+JTSImageViewController.h */ = {isa = PBXFileReference; fileEncoding = 4; lastKnownFileType = sourcecode.c.h; path = "UIApplication+JTSImageViewController.h"; sourceTree = "<group>"; };
		B23D22041A7237B4005E50A4 /* UIApplication+JTSImageViewController.m */ = {isa = PBXFileReference; fileEncoding = 4; lastKnownFileType = sourcecode.c.objc; path = "UIApplication+JTSImageViewController.m"; sourceTree = "<group>"; };
		B23D22051A7237B4005E50A4 /* UIImage+JTSImageEffects.h */ = {isa = PBXFileReference; fileEncoding = 4; lastKnownFileType = sourcecode.c.h; path = "UIImage+JTSImageEffects.h"; sourceTree = "<group>"; };
		B23D22061A7237B4005E50A4 /* UIImage+JTSImageEffects.m */ = {isa = PBXFileReference; fileEncoding = 4; lastKnownFileType = sourcecode.c.objc; path = "UIImage+JTSImageEffects.m"; sourceTree = "<group>"; };
		B26468321A73755700554368 /* adventuretime-awkward-sibling-hug.gif */ = {isa = PBXFileReference; lastKnownFileType = image.gif; path = "adventuretime-awkward-sibling-hug.gif"; sourceTree = "<group>"; };
		B26468331A73755700554368 /* adventuretime-badbiscuits.gif */ = {isa = PBXFileReference; lastKnownFileType = image.gif; path = "adventuretime-badbiscuits.gif"; sourceTree = "<group>"; };
		B26468341A73755700554368 /* adventuretime-bmo-dancing.gif */ = {isa = PBXFileReference; lastKnownFileType = image.gif; path = "adventuretime-bmo-dancing.gif"; sourceTree = "<group>"; };
		B26468351A73755700554368 /* adventuretime-bmo-maddog.gif */ = {isa = PBXFileReference; lastKnownFileType = image.gif; path = "adventuretime-bmo-maddog.gif"; sourceTree = "<group>"; };
		B26468361A73755700554368 /* adventuretime-bmochalk.gif */ = {isa = PBXFileReference; lastKnownFileType = image.gif; path = "adventuretime-bmochalk.gif"; sourceTree = "<group>"; };
		B26468371A73755700554368 /* adventuretime-bmodancing.gif */ = {isa = PBXFileReference; lastKnownFileType = image.gif; path = "adventuretime-bmodancing.gif"; sourceTree = "<group>"; };
		B26468381A73755700554368 /* adventuretime-Dancing.gif */ = {isa = PBXFileReference; lastKnownFileType = image.gif; path = "adventuretime-Dancing.gif"; sourceTree = "<group>"; };
		B26468391A73755700554368 /* adventuretime-Gotcha.gif */ = {isa = PBXFileReference; lastKnownFileType = image.gif; path = "adventuretime-Gotcha.gif"; sourceTree = "<group>"; };
		B264683A1A73755700554368 /* adventuretime-highfive.gif */ = {isa = PBXFileReference; lastKnownFileType = image.gif; path = "adventuretime-highfive.gif"; sourceTree = "<group>"; };
		B264683B1A73755700554368 /* adventuretime-jake-excited-stars.gif */ = {isa = PBXFileReference; lastKnownFileType = image.gif; path = "adventuretime-jake-excited-stars.gif"; sourceTree = "<group>"; };
		B264683C1A73755700554368 /* adventuretime-jake-excited-stars2.gif */ = {isa = PBXFileReference; lastKnownFileType = image.gif; path = "adventuretime-jake-excited-stars2.gif"; sourceTree = "<group>"; };
		B264683D1A73755700554368 /* adventuretime-jake-rainbow.gif */ = {isa = PBXFileReference; lastKnownFileType = image.gif; path = "adventuretime-jake-rainbow.gif"; sourceTree = "<group>"; };
		B264683E1A73755700554368 /* adventuretime-jakebuttcar.gif */ = {isa = PBXFileReference; lastKnownFileType = image.gif; path = "adventuretime-jakebuttcar.gif"; sourceTree = "<group>"; };
		B264683F1A73755700554368 /* adventuretime-nope.gif */ = {isa = PBXFileReference; lastKnownFileType = image.gif; path = "adventuretime-nope.gif"; sourceTree = "<group>"; };
		B26468401A73755700554368 /* adventureTime-OhMyGlob.gif */ = {isa = PBXFileReference; lastKnownFileType = image.gif; path = "adventureTime-OhMyGlob.gif"; sourceTree = "<group>"; };
		B26468411A73755700554368 /* adventuretime-poobrain.gif */ = {isa = PBXFileReference; lastKnownFileType = image.gif; path = "adventuretime-poobrain.gif"; sourceTree = "<group>"; };
		B26468421A73755700554368 /* adventuretime-slappedmybutt.gif */ = {isa = PBXFileReference; lastKnownFileType = image.gif; path = "adventuretime-slappedmybutt.gif"; sourceTree = "<group>"; };
		B26468431A73755700554368 /* adventuretime-squeezefart.gif */ = {isa = PBXFileReference; lastKnownFileType = image.gif; path = "adventuretime-squeezefart.gif"; sourceTree = "<group>"; };
		B26468441A73755700554368 /* adventuretime-suckingatsomething.gif */ = {isa = PBXFileReference; lastKnownFileType = image.gif; path = "adventuretime-suckingatsomething.gif"; sourceTree = "<group>"; };
		B26468451A73755700554368 /* adventureTime-Sweat.gif */ = {isa = PBXFileReference; lastKnownFileType = image.gif; path = "adventureTime-Sweat.gif"; sourceTree = "<group>"; };
		B26468461A73755700554368 /* adventuretime-sweatpants.gif */ = {isa = PBXFileReference; lastKnownFileType = image.gif; path = "adventuretime-sweatpants.gif"; sourceTree = "<group>"; };
		B26468471A73755700554368 /* adventuretime-thumbsup.gif */ = {isa = PBXFileReference; lastKnownFileType = image.gif; path = "adventuretime-thumbsup.gif"; sourceTree = "<group>"; };
		B26468481A73755700554368 /* adventureTime-TossTable.gif */ = {isa = PBXFileReference; lastKnownFileType = image.gif; path = "adventureTime-TossTable.gif"; sourceTree = "<group>"; };
		B26468491A73755700554368 /* adventuretime-totoro.gif */ = {isa = PBXFileReference; lastKnownFileType = image.gif; path = "adventuretime-totoro.gif"; sourceTree = "<group>"; };
		B264684A1A73755700554368 /* adventureTime-Universe.gif */ = {isa = PBXFileReference; lastKnownFileType = image.gif; path = "adventureTime-Universe.gif"; sourceTree = "<group>"; };
		B264684B1A73755700554368 /* Andy-Nahnah.gif */ = {isa = PBXFileReference; lastKnownFileType = image.gif; path = "Andy-Nahnah.gif"; sourceTree = "<group>"; };
		B264684C1A73755700554368 /* arresteddevelopment-excuseme.gif */ = {isa = PBXFileReference; lastKnownFileType = image.gif; path = "arresteddevelopment-excuseme.gif"; sourceTree = "<group>"; };
		B264684D1A73755700554368 /* Asian-OldVictory.gif */ = {isa = PBXFileReference; lastKnownFileType = image.gif; path = "Asian-OldVictory.gif"; sourceTree = "<group>"; };
		B264684E1A73755700554368 /* Awkward-Donald-Glover-GIF.gif */ = {isa = PBXFileReference; lastKnownFileType = image.gif; path = "Awkward-Donald-Glover-GIF.gif"; sourceTree = "<group>"; };
		B264684F1A73755700554368 /* BabyDinoLaughing.gif */ = {isa = PBXFileReference; lastKnownFileType = image.gif; path = BabyDinoLaughing.gif; sourceTree = "<group>"; };
		B26468501A73755700554368 /* BabyThrowsMoney.gif */ = {isa = PBXFileReference; lastKnownFileType = image.gif; path = BabyThrowsMoney.gif; sourceTree = "<group>"; };
		B26468511A73755700554368 /* BalancingPolitician.gif */ = {isa = PBXFileReference; lastKnownFileType = image.gif; path = BalancingPolitician.gif; sourceTree = "<group>"; };
		B26468521A73755700554368 /* BassToFace.gif */ = {isa = PBXFileReference; lastKnownFileType = image.gif; path = BassToFace.gif; sourceTree = "<group>"; };
		B26468531A73755700554368 /* BeatingDeadHorse.gif */ = {isa = PBXFileReference; lastKnownFileType = image.gif; path = BeatingDeadHorse.gif; sourceTree = "<group>"; };
		B26468541A73755700554368 /* BlackGirlSquint.GIF */ = {isa = PBXFileReference; lastKnownFileType = image.gif; path = BlackGirlSquint.GIF; sourceTree = "<group>"; };
		B26468551A73755700554368 /* Boring30Rock.gif */ = {isa = PBXFileReference; lastKnownFileType = image.gif; path = Boring30Rock.gif; sourceTree = "<group>"; };
		B26468561A73755700554368 /* BrazilKidCryWorldCup.gif */ = {isa = PBXFileReference; lastKnownFileType = image.gif; path = BrazilKidCryWorldCup.gif; sourceTree = "<group>"; };
		B26468571A73755700554368 /* cat-breadface.gif */ = {isa = PBXFileReference; lastKnownFileType = image.gif; path = "cat-breadface.gif"; sourceTree = "<group>"; };
		B26468581A73755700554368 /* cat-mustache-glasses-shake.gif */ = {isa = PBXFileReference; lastKnownFileType = image.gif; path = "cat-mustache-glasses-shake.gif"; sourceTree = "<group>"; };
		B26468591A73755700554368 /* Cat-Stare.GIF */ = {isa = PBXFileReference; lastKnownFileType = image.gif; path = "Cat-Stare.GIF"; sourceTree = "<group>"; };
		B264685A1A73755700554368 /* Cat-What!?.gif */ = {isa = PBXFileReference; lastKnownFileType = image.gif; path = "Cat-What!?.gif"; sourceTree = "<group>"; };
		B264685B1A73755700554368 /* CatAndShaq.gif */ = {isa = PBXFileReference; lastKnownFileType = image.gif; path = CatAndShaq.gif; sourceTree = "<group>"; };
		B264685C1A73755700554368 /* chrisfarley-dafuq.gif */ = {isa = PBXFileReference; lastKnownFileType = image.gif; path = "chrisfarley-dafuq.gif"; sourceTree = "<group>"; };
		B264685D1A73755700554368 /* ChrisFarleyDancing.gif */ = {isa = PBXFileReference; lastKnownFileType = image.gif; path = ChrisFarleyDancing.gif; sourceTree = "<group>"; };
		B264685E1A73755700554368 /* Community-DancingAnnie.gif */ = {isa = PBXFileReference; lastKnownFileType = image.gif; path = "Community-DancingAnnie.gif"; sourceTree = "<group>"; };
		B264685F1A73755700554368 /* Community-DancingAnnie2.gif */ = {isa = PBXFileReference; lastKnownFileType = image.gif; path = "Community-DancingAnnie2.gif"; sourceTree = "<group>"; };
		B26468601A73755700554368 /* community-troyroomonfire.gif */ = {isa = PBXFileReference; lastKnownFileType = image.gif; path = "community-troyroomonfire.gif"; sourceTree = "<group>"; };
		B26468611A73755700554368 /* CookieMonsterHugeCookie.gif */ = {isa = PBXFileReference; lastKnownFileType = image.gif; path = CookieMonsterHugeCookie.gif; sourceTree = "<group>"; };
		B26468621A73755700554368 /* Dancing-Batman.GIF */ = {isa = PBXFileReference; lastKnownFileType = image.gif; path = "Dancing-Batman.GIF"; sourceTree = "<group>"; };
		B26468631A73755700554368 /* Dancing-Carlton.gif */ = {isa = PBXFileReference; lastKnownFileType = image.gif; path = "Dancing-Carlton.gif"; sourceTree = "<group>"; };
		B26468641A73755700554368 /* Dancing-SilentJayAndBob.gif */ = {isa = PBXFileReference; lastKnownFileType = image.gif; path = "Dancing-SilentJayAndBob.gif"; sourceTree = "<group>"; };
		B26468651A73755700554368 /* Dancing-Snuggies.gif */ = {isa = PBXFileReference; lastKnownFileType = image.gif; path = "Dancing-Snuggies.gif"; sourceTree = "<group>"; };
		B26468661A73755700554368 /* Dancing-WillSmith.gif */ = {isa = PBXFileReference; lastKnownFileType = image.gif; path = "Dancing-WillSmith.gif"; sourceTree = "<group>"; };
		B26468671A73755700554368 /* Dancing-WillSmith2.gif */ = {isa = PBXFileReference; lastKnownFileType = image.gif; path = "Dancing-WillSmith2.gif"; sourceTree = "<group>"; };
		B26468681A73755700554368 /* DancingPonyDudesBronies.gif */ = {isa = PBXFileReference; lastKnownFileType = image.gif; path = DancingPonyDudesBronies.gif; sourceTree = "<group>"; };
		B26468691A73755700554368 /* DancingRobotShuffle.gif */ = {isa = PBXFileReference; lastKnownFileType = image.gif; path = DancingRobotShuffle.gif; sourceTree = "<group>"; };
		B264686A1A73755700554368 /* DavidSpade-JoeDirt.gif */ = {isa = PBXFileReference; lastKnownFileType = image.gif; path = "DavidSpade-JoeDirt.gif"; sourceTree = "<group>"; };
		B264686B1A73755700554368 /* DealWithIt-Owl.gif */ = {isa = PBXFileReference; lastKnownFileType = image.gif; path = "DealWithIt-Owl.gif"; sourceTree = "<group>"; };
		B264686C1A73755700554368 /* DealWithIt-Spider.gif */ = {isa = PBXFileReference; lastKnownFileType = image.gif; path = "DealWithIt-Spider.gif"; sourceTree = "<group>"; };
		B264686D1A73755700554368 /* DrWho-Dancing.gif */ = {isa = PBXFileReference; lastKnownFileType = image.gif; path = "DrWho-Dancing.gif"; sourceTree = "<group>"; };
		B264686E1A73755700554368 /* DrWho-RegretNothing.gif */ = {isa = PBXFileReference; lastKnownFileType = image.gif; path = "DrWho-RegretNothing.gif"; sourceTree = "<group>"; };
		B264686F1A73755700554368 /* dwight-scream.gif */ = {isa = PBXFileReference; lastKnownFileType = image.gif; path = "dwight-scream.gif"; sourceTree = "<group>"; };
		B26468701A73755700554368 /* Elf-Dancing.gif */ = {isa = PBXFileReference; lastKnownFileType = image.gif; path = "Elf-Dancing.gif"; sourceTree = "<group>"; };
		B26468711A73755700554368 /* endless-clap-citizen-kane.gif */ = {isa = PBXFileReference; lastKnownFileType = image.gif; path = "endless-clap-citizen-kane.gif"; sourceTree = "<group>"; };
		B26468721A73755700554368 /* Endless-DragonBall.gif */ = {isa = PBXFileReference; lastKnownFileType = image.gif; path = "Endless-DragonBall.gif"; sourceTree = "<group>"; };
		B26468731A73755700554368 /* Endless-Drumming.gif */ = {isa = PBXFileReference; lastKnownFileType = image.gif; path = "Endless-Drumming.gif"; sourceTree = "<group>"; };
		B26468741A73755700554368 /* Endless-IndianaJones.gif */ = {isa = PBXFileReference; lastKnownFileType = image.gif; path = "Endless-IndianaJones.gif"; sourceTree = "<group>"; };
		B26468751A73755700554368 /* Endless-JapaneseMonkey.gif */ = {isa = PBXFileReference; lastKnownFileType = image.gif; path = "Endless-JapaneseMonkey.gif"; sourceTree = "<group>"; };
		B26468761A73755700554368 /* Endless-Money.gif */ = {isa = PBXFileReference; lastKnownFileType = image.gif; path = "Endless-Money.gif"; sourceTree = "<group>"; };
		B26468771A73755700554368 /* Endless-Monkey.gif */ = {isa = PBXFileReference; lastKnownFileType = image.gif; path = "Endless-Monkey.gif"; sourceTree = "<group>"; };
		B26468781A73755700554368 /* Endless-RainingBuffalo.gif */ = {isa = PBXFileReference; lastKnownFileType = image.gif; path = "Endless-RainingBuffalo.gif"; sourceTree = "<group>"; };
		B26468791A73755700554368 /* Endless-snow.gif */ = {isa = PBXFileReference; lastKnownFileType = image.gif; path = "Endless-snow.gif"; sourceTree = "<group>"; };
		B264687A1A73755700554368 /* ErnieLookUpCrazy.gif */ = {isa = PBXFileReference; lastKnownFileType = image.gif; path = ErnieLookUpCrazy.gif; sourceTree = "<group>"; };
		B264687B1A73755700554368 /* ExcitedBlackGuyDancing.gif */ = {isa = PBXFileReference; lastKnownFileType = image.gif; path = ExcitedBlackGuyDancing.gif; sourceTree = "<group>"; };
		B264687C1A73755700554368 /* ExcitedElfWill.gif */ = {isa = PBXFileReference; lastKnownFileType = image.gif; path = ExcitedElfWill.gif; sourceTree = "<group>"; };
		B264687D1A73755700554368 /* ExcitedKidDancing.gif */ = {isa = PBXFileReference; lastKnownFileType = image.gif; path = ExcitedKidDancing.gif; sourceTree = "<group>"; };
		B264687E1A73755700554368 /* ExcitedKidsSpongebobFreakingOut.gif */ = {isa = PBXFileReference; lastKnownFileType = image.gif; path = ExcitedKidsSpongebobFreakingOut.gif; sourceTree = "<group>"; };
		B264687F1A73755700554368 /* ExcitedScreamingMan.gif */ = {isa = PBXFileReference; lastKnownFileType = image.gif; path = ExcitedScreamingMan.gif; sourceTree = "<group>"; };
		B26468801A73755700554368 /* FamilyGuy-FatGuyWalking.gif */ = {isa = PBXFileReference; lastKnownFileType = image.gif; path = "FamilyGuy-FatGuyWalking.gif"; sourceTree = "<group>"; };
		B26468811A73755700554368 /* Firefly-DancingMal.gif */ = {isa = PBXFileReference; lastKnownFileType = image.gif; path = "Firefly-DancingMal.gif"; sourceTree = "<group>"; };
		B26468821A73755700554368 /* FrySwint.gif */ = {isa = PBXFileReference; lastKnownFileType = image.gif; path = FrySwint.gif; sourceTree = "<group>"; };
		B26468831A73755700554368 /* FurSure.gif */ = {isa = PBXFileReference; lastKnownFileType = image.gif; path = FurSure.gif; sourceTree = "<group>"; };
		B26468841A73755700554368 /* GaryBusey-Pants.gif */ = {isa = PBXFileReference; lastKnownFileType = image.gif; path = "GaryBusey-Pants.gif"; sourceTree = "<group>"; };
		B26468851A73755700554368 /* GaryBuseyAirDrums.gif */ = {isa = PBXFileReference; lastKnownFileType = image.gif; path = GaryBuseyAirDrums.gif; sourceTree = "<group>"; };
		B26468861A73755700554368 /* GeorgeTakei-OhMy.gif */ = {isa = PBXFileReference; lastKnownFileType = image.gif; path = "GeorgeTakei-OhMy.gif"; sourceTree = "<group>"; };
		B26468871A73755700554368 /* GnomeBarfingRainbows.gif */ = {isa = PBXFileReference; lastKnownFileType = image.gif; path = GnomeBarfingRainbows.gif; sourceTree = "<group>"; };
		B26468881A73755700554368 /* GroundFaceplant.gif */ = {isa = PBXFileReference; lastKnownFileType = image.gif; path = GroundFaceplant.gif; sourceTree = "<group>"; };
		B26468891A73755700554368 /* ha-gay-gif.gif */ = {isa = PBXFileReference; lastKnownFileType = image.gif; path = "ha-gay-gif.gif"; sourceTree = "<group>"; };
		B264688A1A73755700554368 /* HighFive-SNL.gif */ = {isa = PBXFileReference; lastKnownFileType = image.gif; path = "HighFive-SNL.gif"; sourceTree = "<group>"; };
		B264688B1A73755700554368 /* HoneyBooBooSarcasticAwesome.gif */ = {isa = PBXFileReference; lastKnownFileType = image.gif; path = HoneyBooBooSarcasticAwesome.gif; sourceTree = "<group>"; };
		B264688C1A73755700554368 /* HotRod-Dancing.gif */ = {isa = PBXFileReference; lastKnownFileType = image.gif; path = "HotRod-Dancing.gif"; sourceTree = "<group>"; };
		B264688D1A73755700554368 /* HotRod-ThumbsUp.gif */ = {isa = PBXFileReference; lastKnownFileType = image.gif; path = "HotRod-ThumbsUp.gif"; sourceTree = "<group>"; };
		B264688E1A73755700554368 /* IAmSmiling.gif */ = {isa = PBXFileReference; lastKnownFileType = image.gif; path = IAmSmiling.gif; sourceTree = "<group>"; };
		B264688F1A73755700554368 /* Idontknow.gif */ = {isa = PBXFileReference; lastKnownFileType = image.gif; path = Idontknow.gif; sourceTree = "<group>"; };
		B26468901A73755700554368 /* im_retarded.gif */ = {isa = PBXFileReference; lastKnownFileType = image.gif; path = im_retarded.gif; sourceTree = "<group>"; };
		B26468911A73755700554368 /* IndianLookDeep.gif */ = {isa = PBXFileReference; lastKnownFileType = image.gif; path = IndianLookDeep.gif; sourceTree = "<group>"; };
		B26468921A73755700554368 /* ITCrowd-Richmond.gif */ = {isa = PBXFileReference; lastKnownFileType = image.gif; path = "ITCrowd-Richmond.gif"; sourceTree = "<group>"; };
		B26468931A73755700554368 /* JapaneseNoodles.gif */ = {isa = PBXFileReference; lastKnownFileType = image.gif; path = JapaneseNoodles.gif; sourceTree = "<group>"; };
		B26468941A73755700554368 /* JizzInMyPants.GIF */ = {isa = PBXFileReference; lastKnownFileType = image.gif; path = JizzInMyPants.GIF; sourceTree = "<group>"; };
		B26468951A73755700554368 /* JumpIntoShark.gif */ = {isa = PBXFileReference; lastKnownFileType = image.gif; path = JumpIntoShark.gif; sourceTree = "<group>"; };
		B26468961A73755700554368 /* KingOfHill-ShakeHead.gif */ = {isa = PBXFileReference; lastKnownFileType = image.gif; path = "KingOfHill-ShakeHead.gif"; sourceTree = "<group>"; };
		B26468971A73755700554368 /* KoalaGettingPunch.gif */ = {isa = PBXFileReference; lastKnownFileType = image.gif; path = KoalaGettingPunch.gif; sourceTree = "<group>"; };
		B26468981A73755700554368 /* LittleGirl-PushingCarOffTable.gif */ = {isa = PBXFileReference; lastKnownFileType = image.gif; path = "LittleGirl-PushingCarOffTable.gif"; sourceTree = "<group>"; };
		B26468991A73755700554368 /* MicDropCommunity.gif */ = {isa = PBXFileReference; lastKnownFileType = image.gif; path = MicDropCommunity.gif; sourceTree = "<group>"; };
		B264689A1A73755700554368 /* MindBlown.gif */ = {isa = PBXFileReference; lastKnownFileType = image.gif; path = MindBlown.gif; sourceTree = "<group>"; };
		B264689B1A73755700554368 /* mindblownllama.gif */ = {isa = PBXFileReference; lastKnownFileType = image.gif; path = mindblownllama.gif; sourceTree = "<group>"; };
		B264689C1A73755700554368 /* MontyPython-Pthththt.gif */ = {isa = PBXFileReference; lastKnownFileType = image.gif; path = "MontyPython-Pthththt.gif"; sourceTree = "<group>"; };
		B264689D1A73755700554368 /* No-StarTrek.gif */ = {isa = PBXFileReference; lastKnownFileType = image.gif; path = "No-StarTrek.gif"; sourceTree = "<group>"; };
		B264689E1A73755700554368 /* Nod-ArrestedDev.gif */ = {isa = PBXFileReference; lastKnownFileType = image.gif; path = "Nod-ArrestedDev.gif"; sourceTree = "<group>"; };
		B264689F1A73755700554368 /* Nod-Batman.GIF */ = {isa = PBXFileReference; lastKnownFileType = image.gif; path = "Nod-Batman.GIF"; sourceTree = "<group>"; };
		B26468A01A73755700554368 /* Nod-StarTrek.gif */ = {isa = PBXFileReference; lastKnownFileType = image.gif; path = "Nod-StarTrek.gif"; sourceTree = "<group>"; };
		B26468A11A73755700554368 /* NoShakeHeadAfro.gif */ = {isa = PBXFileReference; lastKnownFileType = image.gif; path = NoShakeHeadAfro.gif; sourceTree = "<group>"; };
		B26468A21A73755700554368 /* Okay.gif */ = {isa = PBXFileReference; lastKnownFileType = image.gif; path = Okay.gif; sourceTree = "<group>"; };
		B26468A31A73755700554368 /* PandaPlayingKids.gif */ = {isa = PBXFileReference; lastKnownFileType = image.gif; path = PandaPlayingKids.gif; sourceTree = "<group>"; };
		B26468A41A73755700554368 /* PandaShoppingCart.gif */ = {isa = PBXFileReference; lastKnownFileType = image.gif; path = PandaShoppingCart.gif; sourceTree = "<group>"; };
		B26468A51A73755700554368 /* ParksAndRec-Andy-Dude.gif */ = {isa = PBXFileReference; lastKnownFileType = image.gif; path = "ParksAndRec-Andy-Dude.gif"; sourceTree = "<group>"; };
		B26468A61A73755700554368 /* ParksAndRec-EndlessWiping.GIF */ = {isa = PBXFileReference; lastKnownFileType = image.gif; path = "ParksAndRec-EndlessWiping.GIF"; sourceTree = "<group>"; };
		B26468A71A73755700554368 /* ParksAndRec-RonDesk.gif */ = {isa = PBXFileReference; lastKnownFileType = image.gif; path = "ParksAndRec-RonDesk.gif"; sourceTree = "<group>"; };
		B26468A81A73755700554368 /* ParksAndRec-WeSmart.gif */ = {isa = PBXFileReference; lastKnownFileType = image.gif; path = "ParksAndRec-WeSmart.gif"; sourceTree = "<group>"; };
		B26468A91A73755700554368 /* ParksAndRec-WipeHundredTimes.gif */ = {isa = PBXFileReference; lastKnownFileType = image.gif; path = "ParksAndRec-WipeHundredTimes.gif"; sourceTree = "<group>"; };
		B26468AA1A73755700554368 /* PartyHard.gif */ = {isa = PBXFileReference; lastKnownFileType = image.gif; path = PartyHard.gif; sourceTree = "<group>"; };
		B26468AB1A73755700554368 /* PaulRudd-Waat?.gif */ = {isa = PBXFileReference; lastKnownFileType = image.gif; path = "PaulRudd-Waat?.gif"; sourceTree = "<group>"; };
		B26468AC1A73755700554368 /* PokemonMagcarp.gif */ = {isa = PBXFileReference; lastKnownFileType = image.gif; path = PokemonMagcarp.gif; sourceTree = "<group>"; };
		B26468AD1A73755700554368 /* Popcorn.gif */ = {isa = PBXFileReference; lastKnownFileType = image.gif; path = Popcorn.gif; sourceTree = "<group>"; };
		B26468AE1A73755700554368 /* PowerRangers-HatersGonnaHate.gif */ = {isa = PBXFileReference; lastKnownFileType = image.gif; path = "PowerRangers-HatersGonnaHate.gif"; sourceTree = "<group>"; };
		B26468AF1A73755700554368 /* PowerRangersNo.gif */ = {isa = PBXFileReference; lastKnownFileType = image.gif; path = PowerRangersNo.gif; sourceTree = "<group>"; };
		B26468B01A73755700554368 /* President-Mandel-Translator.gif */ = {isa = PBXFileReference; lastKnownFileType = image.gif; path = "President-Mandel-Translator.gif"; sourceTree = "<group>"; };
		B26468B11A73755700554368 /* Psych-Sure.gif */ = {isa = PBXFileReference; lastKnownFileType = image.gif; path = "Psych-Sure.gif"; sourceTree = "<group>"; };
		B26468B21A73755700554368 /* psych-youknowthatsright.gif */ = {isa = PBXFileReference; lastKnownFileType = image.gif; path = "psych-youknowthatsright.gif"; sourceTree = "<group>"; };
		B26468B31A73755700554368 /* Radical-Goat.gif */ = {isa = PBXFileReference; lastKnownFileType = image.gif; path = "Radical-Goat.gif"; sourceTree = "<group>"; };
		B26468B41A73755700554368 /* RichardSimmons.GIF */ = {isa = PBXFileReference; lastKnownFileType = image.gif; path = RichardSimmons.GIF; sourceTree = "<group>"; };
		B26468B51A73755700554368 /* SchoolOfRock.gif */ = {isa = PBXFileReference; lastKnownFileType = image.gif; path = SchoolOfRock.gif; sourceTree = "<group>"; };
		B26468B61A73755700554368 /* SherlockUnableToContainExcitement.gif */ = {isa = PBXFileReference; lastKnownFileType = image.gif; path = SherlockUnableToContainExcitement.gif; sourceTree = "<group>"; };
		B26468B71A73755700554368 /* Skeptical-Boy.gif */ = {isa = PBXFileReference; lastKnownFileType = image.gif; path = "Skeptical-Boy.gif"; sourceTree = "<group>"; };
		B26468B81A73755700554368 /* Skeptical-LittleGirl.gif */ = {isa = PBXFileReference; lastKnownFileType = image.gif; path = "Skeptical-LittleGirl.gif"; sourceTree = "<group>"; };
		B26468B91A73755700554368 /* SlamDunk.gif */ = {isa = PBXFileReference; lastKnownFileType = image.gif; path = SlamDunk.gif; sourceTree = "<group>"; };
		B26468BA1A73755700554368 /* Smiling-Girl.gif */ = {isa = PBXFileReference; lastKnownFileType = image.gif; path = "Smiling-Girl.gif"; sourceTree = "<group>"; };
		B26468BB1A73755700554368 /* SmilingNoddingMountainMan.gif */ = {isa = PBXFileReference; lastKnownFileType = image.gif; path = SmilingNoddingMountainMan.gif; sourceTree = "<group>"; };
		B26468BC1A73755700554368 /* Sniper-Ballon.gif */ = {isa = PBXFileReference; lastKnownFileType = image.gif; path = "Sniper-Ballon.gif"; sourceTree = "<group>"; };
		B26468BD1A73755700554368 /* Spiderman-Ceiling.GIF */ = {isa = PBXFileReference; lastKnownFileType = image.gif; path = "Spiderman-Ceiling.GIF"; sourceTree = "<group>"; };
		B26468BE1A73755700554368 /* Spongebob-RainbowButtSalt.gif */ = {isa = PBXFileReference; lastKnownFileType = image.gif; path = "Spongebob-RainbowButtSalt.gif"; sourceTree = "<group>"; };
		B26468BF1A73755700554368 /* SpongebobDancing.gif */ = {isa = PBXFileReference; lastKnownFileType = image.gif; path = SpongebobDancing.gif; sourceTree = "<group>"; };
		B26468C01A73755700554368 /* SpongeBobImagination.gif */ = {isa = PBXFileReference; lastKnownFileType = image.gif; path = SpongeBobImagination.gif; sourceTree = "<group>"; };
		B26468C11A73755700554368 /* StephenColbertGiveItToMe.gif */ = {isa = PBXFileReference; lastKnownFileType = image.gif; path = StephenColbertGiveItToMe.gif; sourceTree = "<group>"; };
		B26468C21A73755700554368 /* StormTroopers-Dancing.gif */ = {isa = PBXFileReference; lastKnownFileType = image.gif; path = "StormTroopers-Dancing.gif"; sourceTree = "<group>"; };
		B26468C31A73755700554368 /* StormTroopersFistBump.gif */ = {isa = PBXFileReference; lastKnownFileType = image.gif; path = StormTroopersFistBump.gif; sourceTree = "<group>"; };
		B26468C41A73755700554368 /* StormTrooperTwerk.gif */ = {isa = PBXFileReference; lastKnownFileType = image.gif; path = StormTrooperTwerk.gif; sourceTree = "<group>"; };
		B26468C51A73755700554368 /* SubmarineInPuddle.GIF */ = {isa = PBXFileReference; lastKnownFileType = image.gif; path = SubmarineInPuddle.GIF; sourceTree = "<group>"; };
		B26468C61A73755700554368 /* Superhero-Selfie.gif */ = {isa = PBXFileReference; lastKnownFileType = image.gif; path = "Superhero-Selfie.gif"; sourceTree = "<group>"; };
		B26468C71A73755700554368 /* swanson-dance.gif */ = {isa = PBXFileReference; lastKnownFileType = image.gif; path = "swanson-dance.gif"; sourceTree = "<group>"; };
		B26468C81A73755700554368 /* Thankyou-FooFighters.gif */ = {isa = PBXFileReference; lastKnownFileType = image.gif; path = "Thankyou-FooFighters.gif"; sourceTree = "<group>"; };
		B26468C91A73755700554368 /* ThankYou.gif */ = {isa = PBXFileReference; lastKnownFileType = image.gif; path = ThankYou.gif; sourceTree = "<group>"; };
		B26468CA1A73755700554368 /* TurntUp-Dancing.gif */ = {isa = PBXFileReference; lastKnownFileType = image.gif; path = "TurntUp-Dancing.gif"; sourceTree = "<group>"; };
		B26468CB1A73755700554368 /* valve-halflife3.gif */ = {isa = PBXFileReference; lastKnownFileType = image.gif; path = "valve-halflife3.gif"; sourceTree = "<group>"; };
		B26468CC1A73755700554368 /* WhoseLineIsItAnyway-Dancing.gif */ = {isa = PBXFileReference; lastKnownFileType = image.gif; path = "WhoseLineIsItAnyway-Dancing.gif"; sourceTree = "<group>"; };
		B26468CD1A73755700554368 /* WhyNotBoth.gif */ = {isa = PBXFileReference; lastKnownFileType = image.gif; path = WhyNotBoth.gif; sourceTree = "<group>"; };
		B26468CE1A73755700554368 /* yoda-why-you-fail.gif */ = {isa = PBXFileReference; lastKnownFileType = image.gif; path = "yoda-why-you-fail.gif"; sourceTree = "<group>"; };
		B2834FAB1A719C7000E30A3A /* GifHeaderView.swift */ = {isa = PBXFileReference; fileEncoding = 4; lastKnownFileType = sourcecode.swift; path = GifHeaderView.swift; sourceTree = "<group>"; };
		B2F1D08E1A70F29000011DC4 /* GifVault.app */ = {isa = PBXFileReference; explicitFileType = wrapper.application; includeInIndex = 0; path = GifVault.app; sourceTree = BUILT_PRODUCTS_DIR; };
		B2F1D0921A70F29000011DC4 /* Info.plist */ = {isa = PBXFileReference; lastKnownFileType = text.plist.xml; path = Info.plist; sourceTree = "<group>"; };
		B2F1D0931A70F29000011DC4 /* AppDelegate.swift */ = {isa = PBXFileReference; lastKnownFileType = sourcecode.swift; path = AppDelegate.swift; sourceTree = "<group>"; };
		B2F1D0951A70F29000011DC4 /* GifViewController.swift */ = {isa = PBXFileReference; lastKnownFileType = sourcecode.swift; path = GifViewController.swift; sourceTree = "<group>"; };
		B2F1D0981A70F29000011DC4 /* Base */ = {isa = PBXFileReference; lastKnownFileType = file.storyboard; name = Base; path = Base.lproj/Main.storyboard; sourceTree = "<group>"; };
		B2F1D09A1A70F29000011DC4 /* Images.xcassets */ = {isa = PBXFileReference; lastKnownFileType = folder.assetcatalog; path = Images.xcassets; sourceTree = "<group>"; };
		B2F1D09D1A70F29000011DC4 /* Base */ = {isa = PBXFileReference; lastKnownFileType = file.xib; name = Base; path = Base.lproj/LaunchScreen.xib; sourceTree = "<group>"; };
		B2F1D0A31A70F29000011DC4 /* GifVaultTests.xctest */ = {isa = PBXFileReference; explicitFileType = wrapper.cfbundle; includeInIndex = 0; path = GifVaultTests.xctest; sourceTree = BUILT_PRODUCTS_DIR; };
		B2F1D0A81A70F29000011DC4 /* Info.plist */ = {isa = PBXFileReference; lastKnownFileType = text.plist.xml; path = Info.plist; sourceTree = "<group>"; };
		B2F1D0A91A70F29000011DC4 /* GifVaultTests.swift */ = {isa = PBXFileReference; lastKnownFileType = sourcecode.swift; path = GifVaultTests.swift; sourceTree = "<group>"; };
		B2F1D0B41A70F2D500011DC4 /* GifVault-Bridging-Header.h */ = {isa = PBXFileReference; lastKnownFileType = sourcecode.c.h; path = "GifVault-Bridging-Header.h"; sourceTree = "<group>"; };
		B2F1D0B51A70F2D600011DC4 /* FLAnimatedImage.h */ = {isa = PBXFileReference; fileEncoding = 4; lastKnownFileType = sourcecode.c.h; path = FLAnimatedImage.h; sourceTree = "<group>"; };
		B2F1D0B61A70F2D600011DC4 /* FLAnimatedImage.m */ = {isa = PBXFileReference; fileEncoding = 4; lastKnownFileType = sourcecode.c.objc; path = FLAnimatedImage.m; sourceTree = "<group>"; };
		B2F1D0B71A70F2D600011DC4 /* FLAnimatedImageView.h */ = {isa = PBXFileReference; fileEncoding = 4; lastKnownFileType = sourcecode.c.h; path = FLAnimatedImageView.h; sourceTree = "<group>"; };
		B2F1D0B81A70F2D600011DC4 /* FLAnimatedImageView.m */ = {isa = PBXFileReference; fileEncoding = 4; lastKnownFileType = sourcecode.c.objc; path = FLAnimatedImageView.m; sourceTree = "<group>"; };
		B2F1D0BB1A70F50D00011DC4 /* GifCell.swift */ = {isa = PBXFileReference; fileEncoding = 4; lastKnownFileType = sourcecode.swift; path = GifCell.swift; sourceTree = "<group>"; };
/* End PBXFileReference section */

/* Begin PBXFrameworksBuildPhase section */
		B2F1D08B1A70F29000011DC4 /* Frameworks */ = {
			isa = PBXFrameworksBuildPhase;
			buildActionMask = 2147483647;
			files = (
			);
			runOnlyForDeploymentPostprocessing = 0;
		};
		B2F1D0A01A70F29000011DC4 /* Frameworks */ = {
			isa = PBXFrameworksBuildPhase;
			buildActionMask = 2147483647;
			files = (
			);
			runOnlyForDeploymentPostprocessing = 0;
		};
/* End PBXFrameworksBuildPhase section */

/* Begin PBXGroup section */
		B23D21FA1A7237A3005E50A4 /* JTSImageViewController */ = {
			isa = PBXGroup;
			children = (
				B23D21FB1A7237B4005E50A4 /* JTSAnimatedGIFUtility.h */,
				B23D21FC1A7237B4005E50A4 /* JTSAnimatedGIFUtility.m */,
				B23D21FD1A7237B4005E50A4 /* JTSImageInfo.h */,
				B23D21FE1A7237B4005E50A4 /* JTSImageInfo.m */,
				B23D21FF1A7237B4005E50A4 /* JTSImageViewController.h */,
				B23D22001A7237B4005E50A4 /* JTSImageViewController.m */,
				B23D22011A7237B4005E50A4 /* JTSSimpleImageDownloader.h */,
				B23D22021A7237B4005E50A4 /* JTSSimpleImageDownloader.m */,
				B23D22031A7237B4005E50A4 /* UIApplication+JTSImageViewController.h */,
				B23D22041A7237B4005E50A4 /* UIApplication+JTSImageViewController.m */,
				B23D22051A7237B4005E50A4 /* UIImage+JTSImageEffects.h */,
				B23D22061A7237B4005E50A4 /* UIImage+JTSImageEffects.m */,
			);
			name = JTSImageViewController;
			sourceTree = "<group>";
		};
		B290AC7E1A73679900DC7546 /* Resources */ = {
			isa = PBXGroup;
			children = (
				B290AC7F1A73716600DC7546 /* Gifs */,
				B2F1D0971A70F29000011DC4 /* Main.storyboard */,
				B2F1D09C1A70F29000011DC4 /* LaunchScreen.xib */,
				B2F1D09A1A70F29000011DC4 /* Images.xcassets */,
			);
			name = Resources;
			sourceTree = "<group>";
		};
		B290AC7F1A73716600DC7546 /* Gifs */ = {
			isa = PBXGroup;
			children = (
				B26468321A73755700554368 /* adventuretime-awkward-sibling-hug.gif */,
				B26468331A73755700554368 /* adventuretime-badbiscuits.gif */,
				B26468341A73755700554368 /* adventuretime-bmo-dancing.gif */,
				B26468351A73755700554368 /* adventuretime-bmo-maddog.gif */,
				B26468361A73755700554368 /* adventuretime-bmochalk.gif */,
				B26468371A73755700554368 /* adventuretime-bmodancing.gif */,
				B26468381A73755700554368 /* adventuretime-Dancing.gif */,
				B26468391A73755700554368 /* adventuretime-Gotcha.gif */,
				B264683A1A73755700554368 /* adventuretime-highfive.gif */,
				B264683B1A73755700554368 /* adventuretime-jake-excited-stars.gif */,
				B264683C1A73755700554368 /* adventuretime-jake-excited-stars2.gif */,
				B264683D1A73755700554368 /* adventuretime-jake-rainbow.gif */,
				B264683E1A73755700554368 /* adventuretime-jakebuttcar.gif */,
				B264683F1A73755700554368 /* adventuretime-nope.gif */,
				B26468401A73755700554368 /* adventureTime-OhMyGlob.gif */,
				B26468411A73755700554368 /* adventuretime-poobrain.gif */,
				B26468421A73755700554368 /* adventuretime-slappedmybutt.gif */,
				B26468431A73755700554368 /* adventuretime-squeezefart.gif */,
				B26468441A73755700554368 /* adventuretime-suckingatsomething.gif */,
				B26468451A73755700554368 /* adventureTime-Sweat.gif */,
				B26468461A73755700554368 /* adventuretime-sweatpants.gif */,
				B26468471A73755700554368 /* adventuretime-thumbsup.gif */,
				B26468481A73755700554368 /* adventureTime-TossTable.gif */,
				B26468491A73755700554368 /* adventuretime-totoro.gif */,
				B264684A1A73755700554368 /* adventureTime-Universe.gif */,
				B264684B1A73755700554368 /* Andy-Nahnah.gif */,
				B264684C1A73755700554368 /* arresteddevelopment-excuseme.gif */,
				B264684D1A73755700554368 /* Asian-OldVictory.gif */,
				B264684E1A73755700554368 /* Awkward-Donald-Glover-GIF.gif */,
				B264684F1A73755700554368 /* BabyDinoLaughing.gif */,
				B26468501A73755700554368 /* BabyThrowsMoney.gif */,
				B26468511A73755700554368 /* BalancingPolitician.gif */,
				B26468521A73755700554368 /* BassToFace.gif */,
				B26468531A73755700554368 /* BeatingDeadHorse.gif */,
				B26468541A73755700554368 /* BlackGirlSquint.GIF */,
				B26468551A73755700554368 /* Boring30Rock.gif */,
				B26468561A73755700554368 /* BrazilKidCryWorldCup.gif */,
				B26468571A73755700554368 /* cat-breadface.gif */,
				B26468581A73755700554368 /* cat-mustache-glasses-shake.gif */,
				B26468591A73755700554368 /* Cat-Stare.GIF */,
				B264685A1A73755700554368 /* Cat-What!?.gif */,
				B264685B1A73755700554368 /* CatAndShaq.gif */,
				B264685C1A73755700554368 /* chrisfarley-dafuq.gif */,
				B264685D1A73755700554368 /* ChrisFarleyDancing.gif */,
				B264685E1A73755700554368 /* Community-DancingAnnie.gif */,
				B264685F1A73755700554368 /* Community-DancingAnnie2.gif */,
				B26468601A73755700554368 /* community-troyroomonfire.gif */,
				B26468611A73755700554368 /* CookieMonsterHugeCookie.gif */,
				B26468621A73755700554368 /* Dancing-Batman.GIF */,
				B26468631A73755700554368 /* Dancing-Carlton.gif */,
				B26468641A73755700554368 /* Dancing-SilentJayAndBob.gif */,
				B26468651A73755700554368 /* Dancing-Snuggies.gif */,
				B26468661A73755700554368 /* Dancing-WillSmith.gif */,
				B26468671A73755700554368 /* Dancing-WillSmith2.gif */,
				B26468681A73755700554368 /* DancingPonyDudesBronies.gif */,
				B26468691A73755700554368 /* DancingRobotShuffle.gif */,
				B264686A1A73755700554368 /* DavidSpade-JoeDirt.gif */,
				B264686B1A73755700554368 /* DealWithIt-Owl.gif */,
				B264686C1A73755700554368 /* DealWithIt-Spider.gif */,
				B264686D1A73755700554368 /* DrWho-Dancing.gif */,
				B264686E1A73755700554368 /* DrWho-RegretNothing.gif */,
				B264686F1A73755700554368 /* dwight-scream.gif */,
				B26468701A73755700554368 /* Elf-Dancing.gif */,
				B26468711A73755700554368 /* endless-clap-citizen-kane.gif */,
				B26468721A73755700554368 /* Endless-DragonBall.gif */,
				B26468731A73755700554368 /* Endless-Drumming.gif */,
				B26468741A73755700554368 /* Endless-IndianaJones.gif */,
				B26468751A73755700554368 /* Endless-JapaneseMonkey.gif */,
				B26468761A73755700554368 /* Endless-Money.gif */,
				B26468771A73755700554368 /* Endless-Monkey.gif */,
				B26468781A73755700554368 /* Endless-RainingBuffalo.gif */,
				B26468791A73755700554368 /* Endless-snow.gif */,
				B264687A1A73755700554368 /* ErnieLookUpCrazy.gif */,
				B264687B1A73755700554368 /* ExcitedBlackGuyDancing.gif */,
				B264687C1A73755700554368 /* ExcitedElfWill.gif */,
				B264687D1A73755700554368 /* ExcitedKidDancing.gif */,
				B264687E1A73755700554368 /* ExcitedKidsSpongebobFreakingOut.gif */,
				B264687F1A73755700554368 /* ExcitedScreamingMan.gif */,
				B26468801A73755700554368 /* FamilyGuy-FatGuyWalking.gif */,
				B26468811A73755700554368 /* Firefly-DancingMal.gif */,
				B26468821A73755700554368 /* FrySwint.gif */,
				B26468831A73755700554368 /* FurSure.gif */,
				B26468841A73755700554368 /* GaryBusey-Pants.gif */,
				B26468851A73755700554368 /* GaryBuseyAirDrums.gif */,
				B26468861A73755700554368 /* GeorgeTakei-OhMy.gif */,
				B26468871A73755700554368 /* GnomeBarfingRainbows.gif */,
				B26468881A73755700554368 /* GroundFaceplant.gif */,
				B26468891A73755700554368 /* ha-gay-gif.gif */,
				B264688A1A73755700554368 /* HighFive-SNL.gif */,
				B264688B1A73755700554368 /* HoneyBooBooSarcasticAwesome.gif */,
				B264688C1A73755700554368 /* HotRod-Dancing.gif */,
				B264688D1A73755700554368 /* HotRod-ThumbsUp.gif */,
				B264688E1A73755700554368 /* IAmSmiling.gif */,
				B264688F1A73755700554368 /* Idontknow.gif */,
				B26468901A73755700554368 /* im_retarded.gif */,
				B26468911A73755700554368 /* IndianLookDeep.gif */,
				B26468921A73755700554368 /* ITCrowd-Richmond.gif */,
				B26468931A73755700554368 /* JapaneseNoodles.gif */,
				B26468941A73755700554368 /* JizzInMyPants.GIF */,
				B26468951A73755700554368 /* JumpIntoShark.gif */,
				B26468961A73755700554368 /* KingOfHill-ShakeHead.gif */,
				B26468971A73755700554368 /* KoalaGettingPunch.gif */,
				B26468981A73755700554368 /* LittleGirl-PushingCarOffTable.gif */,
				B26468991A73755700554368 /* MicDropCommunity.gif */,
				B264689A1A73755700554368 /* MindBlown.gif */,
				B264689B1A73755700554368 /* mindblownllama.gif */,
				B264689C1A73755700554368 /* MontyPython-Pthththt.gif */,
				B264689D1A73755700554368 /* No-StarTrek.gif */,
				B264689E1A73755700554368 /* Nod-ArrestedDev.gif */,
				B264689F1A73755700554368 /* Nod-Batman.GIF */,
				B26468A01A73755700554368 /* Nod-StarTrek.gif */,
				B26468A11A73755700554368 /* NoShakeHeadAfro.gif */,
				B26468A21A73755700554368 /* Okay.gif */,
				B26468A31A73755700554368 /* PandaPlayingKids.gif */,
				B26468A41A73755700554368 /* PandaShoppingCart.gif */,
				B26468A51A73755700554368 /* ParksAndRec-Andy-Dude.gif */,
				B26468A61A73755700554368 /* ParksAndRec-EndlessWiping.GIF */,
				B26468A71A73755700554368 /* ParksAndRec-RonDesk.gif */,
				B26468A81A73755700554368 /* ParksAndRec-WeSmart.gif */,
				B26468A91A73755700554368 /* ParksAndRec-WipeHundredTimes.gif */,
				B26468AA1A73755700554368 /* PartyHard.gif */,
				B26468AB1A73755700554368 /* PaulRudd-Waat?.gif */,
				B26468AC1A73755700554368 /* PokemonMagcarp.gif */,
				B26468AD1A73755700554368 /* Popcorn.gif */,
				B26468AE1A73755700554368 /* PowerRangers-HatersGonnaHate.gif */,
				B26468AF1A73755700554368 /* PowerRangersNo.gif */,
				B26468B01A73755700554368 /* President-Mandel-Translator.gif */,
				B26468B11A73755700554368 /* Psych-Sure.gif */,
				B26468B21A73755700554368 /* psych-youknowthatsright.gif */,
				B26468B31A73755700554368 /* Radical-Goat.gif */,
				B26468B41A73755700554368 /* RichardSimmons.GIF */,
				B26468B51A73755700554368 /* SchoolOfRock.gif */,
				B26468B61A73755700554368 /* SherlockUnableToContainExcitement.gif */,
				B26468B71A73755700554368 /* Skeptical-Boy.gif */,
				B26468B81A73755700554368 /* Skeptical-LittleGirl.gif */,
				B26468B91A73755700554368 /* SlamDunk.gif */,
				B26468BA1A73755700554368 /* Smiling-Girl.gif */,
				B26468BB1A73755700554368 /* SmilingNoddingMountainMan.gif */,
				B26468BC1A73755700554368 /* Sniper-Ballon.gif */,
				B26468BD1A73755700554368 /* Spiderman-Ceiling.GIF */,
				B26468BE1A73755700554368 /* Spongebob-RainbowButtSalt.gif */,
				B26468BF1A73755700554368 /* SpongebobDancing.gif */,
				B26468C01A73755700554368 /* SpongeBobImagination.gif */,
				B26468C11A73755700554368 /* StephenColbertGiveItToMe.gif */,
				B26468C21A73755700554368 /* StormTroopers-Dancing.gif */,
				B26468C31A73755700554368 /* StormTroopersFistBump.gif */,
				B26468C41A73755700554368 /* StormTrooperTwerk.gif */,
				B26468C51A73755700554368 /* SubmarineInPuddle.GIF */,
				B26468C61A73755700554368 /* Superhero-Selfie.gif */,
				B26468C71A73755700554368 /* swanson-dance.gif */,
				B26468C81A73755700554368 /* Thankyou-FooFighters.gif */,
				B26468C91A73755700554368 /* ThankYou.gif */,
				B26468CA1A73755700554368 /* TurntUp-Dancing.gif */,
				B26468CB1A73755700554368 /* valve-halflife3.gif */,
				B26468CC1A73755700554368 /* WhoseLineIsItAnyway-Dancing.gif */,
				B26468CD1A73755700554368 /* WhyNotBoth.gif */,
				B26468CE1A73755700554368 /* yoda-why-you-fail.gif */,
			);
			path = Gifs;
			sourceTree = "<group>";
		};
		B2F1D0851A70F29000011DC4 = {
			isa = PBXGroup;
			children = (
				B2F1D0901A70F29000011DC4 /* GifVault */,
				B2F1D0A61A70F29000011DC4 /* GifVaultTests */,
				B2F1D08F1A70F29000011DC4 /* Products */,
			);
			sourceTree = "<group>";
		};
		B2F1D08F1A70F29000011DC4 /* Products */ = {
			isa = PBXGroup;
			children = (
				B2F1D08E1A70F29000011DC4 /* GifVault.app */,
				B2F1D0A31A70F29000011DC4 /* GifVaultTests.xctest */,
			);
			name = Products;
			sourceTree = "<group>";
		};
		B2F1D0901A70F29000011DC4 /* GifVault */ = {
			isa = PBXGroup;
			children = (
				B2F1D0931A70F29000011DC4 /* AppDelegate.swift */,
				B2F1D0951A70F29000011DC4 /* GifViewController.swift */,
				B2F1D0BB1A70F50D00011DC4 /* GifCell.swift */,
				B2834FAB1A719C7000E30A3A /* GifHeaderView.swift */,
				B2F1D0B41A70F2D500011DC4 /* GifVault-Bridging-Header.h */,
				B23D21FA1A7237A3005E50A4 /* JTSImageViewController */,
				B2F1D0B31A70F2CC00011DC4 /* FLAnimatedImage */,
				B290AC7E1A73679900DC7546 /* Resources */,
				B2F1D0911A70F29000011DC4 /* Supporting Files */,
			);
			path = GifVault;
			sourceTree = "<group>";
		};
		B2F1D0911A70F29000011DC4 /* Supporting Files */ = {
			isa = PBXGroup;
			children = (
				B2F1D0921A70F29000011DC4 /* Info.plist */,
			);
			name = "Supporting Files";
			sourceTree = "<group>";
		};
		B2F1D0A61A70F29000011DC4 /* GifVaultTests */ = {
			isa = PBXGroup;
			children = (
				B2F1D0A91A70F29000011DC4 /* GifVaultTests.swift */,
				B2F1D0A71A70F29000011DC4 /* Supporting Files */,
			);
			path = GifVaultTests;
			sourceTree = "<group>";
		};
		B2F1D0A71A70F29000011DC4 /* Supporting Files */ = {
			isa = PBXGroup;
			children = (
				B2F1D0A81A70F29000011DC4 /* Info.plist */,
			);
			name = "Supporting Files";
			sourceTree = "<group>";
		};
		B2F1D0B31A70F2CC00011DC4 /* FLAnimatedImage */ = {
			isa = PBXGroup;
			children = (
				B2F1D0B51A70F2D600011DC4 /* FLAnimatedImage.h */,
				B2F1D0B61A70F2D600011DC4 /* FLAnimatedImage.m */,
				B2F1D0B71A70F2D600011DC4 /* FLAnimatedImageView.h */,
				B2F1D0B81A70F2D600011DC4 /* FLAnimatedImageView.m */,
			);
			name = FLAnimatedImage;
			sourceTree = "<group>";
		};
/* End PBXGroup section */

/* Begin PBXNativeTarget section */
		B2F1D08D1A70F29000011DC4 /* GifVault */ = {
			isa = PBXNativeTarget;
			buildConfigurationList = B2F1D0AD1A70F29000011DC4 /* Build configuration list for PBXNativeTarget "GifVault" */;
			buildPhases = (
				B2F1D08A1A70F29000011DC4 /* Sources */,
				B2F1D08B1A70F29000011DC4 /* Frameworks */,
				B2F1D08C1A70F29000011DC4 /* Resources */,
			);
			buildRules = (
			);
			dependencies = (
			);
			name = GifVault;
			productName = GifVault;
			productReference = B2F1D08E1A70F29000011DC4 /* GifVault.app */;
			productType = "com.apple.product-type.application";
		};
		B2F1D0A21A70F29000011DC4 /* GifVaultTests */ = {
			isa = PBXNativeTarget;
			buildConfigurationList = B2F1D0B01A70F29000011DC4 /* Build configuration list for PBXNativeTarget "GifVaultTests" */;
			buildPhases = (
				B2F1D09F1A70F29000011DC4 /* Sources */,
				B2F1D0A01A70F29000011DC4 /* Frameworks */,
				B2F1D0A11A70F29000011DC4 /* Resources */,
			);
			buildRules = (
			);
			dependencies = (
				B2F1D0A51A70F29000011DC4 /* PBXTargetDependency */,
			);
			name = GifVaultTests;
			productName = GifVaultTests;
			productReference = B2F1D0A31A70F29000011DC4 /* GifVaultTests.xctest */;
			productType = "com.apple.product-type.bundle.unit-test";
		};
/* End PBXNativeTarget section */

/* Begin PBXProject section */
		B2F1D0861A70F29000011DC4 /* Project object */ = {
			isa = PBXProject;
			attributes = {
				LastUpgradeCheck = 0620;
				ORGANIZATIONNAME = "Johnny Slagle";
				TargetAttributes = {
					B2F1D08D1A70F29000011DC4 = {
						CreatedOnToolsVersion = 6.2;
					};
					B2F1D0A21A70F29000011DC4 = {
						CreatedOnToolsVersion = 6.2;
						TestTargetID = B2F1D08D1A70F29000011DC4;
					};
				};
			};
			buildConfigurationList = B2F1D0891A70F29000011DC4 /* Build configuration list for PBXProject "GifVault" */;
			compatibilityVersion = "Xcode 3.2";
			developmentRegion = English;
			hasScannedForEncodings = 0;
			knownRegions = (
				en,
				Base,
			);
			mainGroup = B2F1D0851A70F29000011DC4;
			productRefGroup = B2F1D08F1A70F29000011DC4 /* Products */;
			projectDirPath = "";
			projectRoot = "";
			targets = (
				B2F1D08D1A70F29000011DC4 /* GifVault */,
				B2F1D0A21A70F29000011DC4 /* GifVaultTests */,
			);
		};
/* End PBXProject section */

/* Begin PBXResourcesBuildPhase section */
		B2F1D08C1A70F29000011DC4 /* Resources */ = {
			isa = PBXResourcesBuildPhase;
			buildActionMask = 2147483647;
			files = (
				B264690C1A73755700554368 /* dwight-scream.gif in Resources */,
				B26468E41A73755700554368 /* adventuretime-thumbsup.gif in Resources */,
				B2F1D0991A70F29000011DC4 /* Main.storyboard in Resources */,
				B26468E61A73755700554368 /* adventuretime-totoro.gif in Resources */,
				B26469121A73755700554368 /* Endless-JapaneseMonkey.gif in Resources */,
				B26468EE1A73755700554368 /* BalancingPolitician.gif in Resources */,
				B264694A1A73755700554368 /* Popcorn.gif in Resources */,
				B26469161A73755700554368 /* Endless-snow.gif in Resources */,
				B26469361A73755700554368 /* MicDropCommunity.gif in Resources */,
				B26469391A73755700554368 /* MontyPython-Pthththt.gif in Resources */,
				B26468E01A73755700554368 /* adventuretime-squeezefart.gif in Resources */,
				B26468F61A73755700554368 /* Cat-Stare.GIF in Resources */,
				B26469181A73755700554368 /* ExcitedBlackGuyDancing.gif in Resources */,
				B26469261A73755700554368 /* ha-gay-gif.gif in Resources */,
				B264694E1A73755700554368 /* Psych-Sure.gif in Resources */,
				B264691D1A73755700554368 /* FamilyGuy-FatGuyWalking.gif in Resources */,
				B264695E1A73755700554368 /* StephenColbertGiveItToMe.gif in Resources */,
				B26469141A73755700554368 /* Endless-Monkey.gif in Resources */,
				B26469061A73755700554368 /* DancingRobotShuffle.gif in Resources */,
				B26468D31A73755700554368 /* adventuretime-bmochalk.gif in Resources */,
				B264696A1A73755700554368 /* WhyNotBoth.gif in Resources */,
				B26469541A73755700554368 /* Skeptical-Boy.gif in Resources */,
				B26468F31A73755700554368 /* BrazilKidCryWorldCup.gif in Resources */,
				B26469051A73755700554368 /* DancingPonyDudesBronies.gif in Resources */,
				B264694D1A73755700554368 /* President-Mandel-Translator.gif in Resources */,
				B26468FD1A73755700554368 /* community-troyroomonfire.gif in Resources */,
				B26469421A73755700554368 /* ParksAndRec-Andy-Dude.gif in Resources */,
				B26469371A73755700554368 /* MindBlown.gif in Resources */,
				B26469401A73755700554368 /* PandaPlayingKids.gif in Resources */,
				B26469441A73755700554368 /* ParksAndRec-RonDesk.gif in Resources */,
				B264690E1A73755700554368 /* endless-clap-citizen-kane.gif in Resources */,
				B26469311A73755700554368 /* JizzInMyPants.GIF in Resources */,
				B26469561A73755700554368 /* SlamDunk.gif in Resources */,
				B264691F1A73755700554368 /* FrySwint.gif in Resources */,
				B264691C1A73755700554368 /* ExcitedScreamingMan.gif in Resources */,
				B26469621A73755700554368 /* SubmarineInPuddle.GIF in Resources */,
				B26468F01A73755700554368 /* BeatingDeadHorse.gif in Resources */,
				B26469531A73755700554368 /* SherlockUnableToContainExcitement.gif in Resources */,
				B264690B1A73755700554368 /* DrWho-RegretNothing.gif in Resources */,
				B26469041A73755700554368 /* Dancing-WillSmith2.gif in Resources */,
				B26469591A73755700554368 /* Sniper-Ballon.gif in Resources */,
				B26469211A73755700554368 /* GaryBusey-Pants.gif in Resources */,
				B26469661A73755700554368 /* ThankYou.gif in Resources */,
				B264693C1A73755700554368 /* Nod-Batman.GIF in Resources */,
				B264694C1A73755700554368 /* PowerRangersNo.gif in Resources */,
				B26468E71A73755700554368 /* adventureTime-Universe.gif in Resources */,
				B26468D71A73755700554368 /* adventuretime-highfive.gif in Resources */,
				B26469451A73755700554368 /* ParksAndRec-WeSmart.gif in Resources */,
				B26468E31A73755700554368 /* adventuretime-sweatpants.gif in Resources */,
				B26469351A73755700554368 /* LittleGirl-PushingCarOffTable.gif in Resources */,
				B264692B1A73755700554368 /* IAmSmiling.gif in Resources */,
				B26469691A73755700554368 /* WhoseLineIsItAnyway-Dancing.gif in Resources */,
				B264693E1A73755700554368 /* NoShakeHeadAfro.gif in Resources */,
				B264690A1A73755700554368 /* DrWho-Dancing.gif in Resources */,
				B26469241A73755700554368 /* GnomeBarfingRainbows.gif in Resources */,
				B26468F51A73755700554368 /* cat-mustache-glasses-shake.gif in Resources */,
				B26468D91A73755700554368 /* adventuretime-jake-excited-stars2.gif in Resources */,
				B26468E11A73755700554368 /* adventuretime-suckingatsomething.gif in Resources */,
				B26469001A73755700554368 /* Dancing-Carlton.gif in Resources */,
				B264692A1A73755700554368 /* HotRod-ThumbsUp.gif in Resources */,
				B26468D81A73755700554368 /* adventuretime-jake-excited-stars.gif in Resources */,
				B26468D21A73755700554368 /* adventuretime-bmo-maddog.gif in Resources */,
				B264690D1A73755700554368 /* Elf-Dancing.gif in Resources */,
				B26469301A73755700554368 /* JapaneseNoodles.gif in Resources */,
				B26468FF1A73755700554368 /* Dancing-Batman.GIF in Resources */,
				B26468F21A73755700554368 /* Boring30Rock.gif in Resources */,
				B26469191A73755700554368 /* ExcitedElfWill.gif in Resources */,
				B26469271A73755700554368 /* HighFive-SNL.gif in Resources */,
				B26469341A73755700554368 /* KoalaGettingPunch.gif in Resources */,
				B26468D51A73755700554368 /* adventuretime-Dancing.gif in Resources */,
				B26469501A73755700554368 /* Radical-Goat.gif in Resources */,
				B26469071A73755700554368 /* DavidSpade-JoeDirt.gif in Resources */,
				B26469081A73755700554368 /* DealWithIt-Owl.gif in Resources */,
				B26468DF1A73755700554368 /* adventuretime-slappedmybutt.gif in Resources */,
				B264693A1A73755700554368 /* No-StarTrek.gif in Resources */,
				B26469321A73755700554368 /* JumpIntoShark.gif in Resources */,
				B26469031A73755700554368 /* Dancing-WillSmith.gif in Resources */,
				B26469251A73755700554368 /* GroundFaceplant.gif in Resources */,
				B2F1D09E1A70F29000011DC4 /* LaunchScreen.xib in Resources */,
				B264692C1A73755700554368 /* Idontknow.gif in Resources */,
				B264690F1A73755700554368 /* Endless-DragonBall.gif in Resources */,
				B26469481A73755700554368 /* PaulRudd-Waat?.gif in Resources */,
				B264691E1A73755700554368 /* Firefly-DancingMal.gif in Resources */,
				B26469411A73755700554368 /* PandaShoppingCart.gif in Resources */,
				B26469571A73755700554368 /* Smiling-Girl.gif in Resources */,
				B26468E81A73755700554368 /* Andy-Nahnah.gif in Resources */,
				B26468FC1A73755700554368 /* Community-DancingAnnie2.gif in Resources */,
				B26468EB1A73755700554368 /* Awkward-Donald-Glover-GIF.gif in Resources */,
				B26469171A73755700554368 /* ErnieLookUpCrazy.gif in Resources */,
				B264695A1A73755700554368 /* Spiderman-Ceiling.GIF in Resources */,
				B26469221A73755700554368 /* GaryBuseyAirDrums.gif in Resources */,
				B264691A1A73755700554368 /* ExcitedKidDancing.gif in Resources */,
				B26469201A73755700554368 /* FurSure.gif in Resources */,
				B26469011A73755700554368 /* Dancing-SilentJayAndBob.gif in Resources */,
				B264695D1A73755700554368 /* SpongeBobImagination.gif in Resources */,
				B26469551A73755700554368 /* Skeptical-LittleGirl.gif in Resources */,
				B26468D61A73755700554368 /* adventuretime-Gotcha.gif in Resources */,
				B26468F41A73755700554368 /* cat-breadface.gif in Resources */,
				B26468CF1A73755700554368 /* adventuretime-awkward-sibling-hug.gif in Resources */,
				B26469021A73755700554368 /* Dancing-Snuggies.gif in Resources */,
				B26469671A73755700554368 /* TurntUp-Dancing.gif in Resources */,
				B264692D1A73755700554368 /* im_retarded.gif in Resources */,
				B26469631A73755700554368 /* Superhero-Selfie.gif in Resources */,
				B26469281A73755700554368 /* HoneyBooBooSarcasticAwesome.gif in Resources */,
				B26468F81A73755700554368 /* CatAndShaq.gif in Resources */,
				B26468DE1A73755700554368 /* adventuretime-poobrain.gif in Resources */,
				B26469101A73755700554368 /* Endless-Drumming.gif in Resources */,
				B264694B1A73755700554368 /* PowerRangers-HatersGonnaHate.gif in Resources */,
				B264691B1A73755700554368 /* ExcitedKidsSpongebobFreakingOut.gif in Resources */,
				B26468EA1A73755700554368 /* Asian-OldVictory.gif in Resources */,
				B264693D1A73755700554368 /* Nod-StarTrek.gif in Resources */,
				B26468E51A73755700554368 /* adventureTime-TossTable.gif in Resources */,
				B26469431A73755700554368 /* ParksAndRec-EndlessWiping.GIF in Resources */,
				B26468D01A73755700554368 /* adventuretime-badbiscuits.gif in Resources */,
				B26468FB1A73755700554368 /* Community-DancingAnnie.gif in Resources */,
				B26469381A73755700554368 /* mindblownllama.gif in Resources */,
				B26469331A73755700554368 /* KingOfHill-ShakeHead.gif in Resources */,
				B26468DD1A73755700554368 /* adventureTime-OhMyGlob.gif in Resources */,
				B26468ED1A73755700554368 /* BabyThrowsMoney.gif in Resources */,
				B26469521A73755700554368 /* SchoolOfRock.gif in Resources */,
				B264692F1A73755700554368 /* ITCrowd-Richmond.gif in Resources */,
				B26468FA1A73755700554368 /* ChrisFarleyDancing.gif in Resources */,
				B26469641A73755700554368 /* swanson-dance.gif in Resources */,
				B264694F1A73755700554368 /* psych-youknowthatsright.gif in Resources */,
				B26468EC1A73755700554368 /* BabyDinoLaughing.gif in Resources */,
				B26469471A73755700554368 /* PartyHard.gif in Resources */,
				B264696B1A73755700554368 /* yoda-why-you-fail.gif in Resources */,
				B26469131A73755700554368 /* Endless-Money.gif in Resources */,
				B26468E21A73755700554368 /* adventureTime-Sweat.gif in Resources */,
				B264695F1A73755700554368 /* StormTroopers-Dancing.gif in Resources */,
				B26468F91A73755700554368 /* chrisfarley-dafuq.gif in Resources */,
				B26468DB1A73755700554368 /* adventuretime-jakebuttcar.gif in Resources */,
				B26468EF1A73755700554368 /* BassToFace.gif in Resources */,
				B26468FE1A73755700554368 /* CookieMonsterHugeCookie.gif in Resources */,
				B26469581A73755700554368 /* SmilingNoddingMountainMan.gif in Resources */,
				B26469651A73755700554368 /* Thankyou-FooFighters.gif in Resources */,
				B264692E1A73755700554368 /* IndianLookDeep.gif in Resources */,
				B264695C1A73755700554368 /* SpongebobDancing.gif in Resources */,
				B26469111A73755700554368 /* Endless-IndianaJones.gif in Resources */,
				B26468D11A73755700554368 /* adventuretime-bmo-dancing.gif in Resources */,
				B26469681A73755700554368 /* valve-halflife3.gif in Resources */,
				B26469601A73755700554368 /* StormTroopersFistBump.gif in Resources */,
				B26469611A73755700554368 /* StormTrooperTwerk.gif in Resources */,
				B26469091A73755700554368 /* DealWithIt-Spider.gif in Resources */,
				B26468DC1A73755700554368 /* adventuretime-nope.gif in Resources */,
				B2F1D09B1A70F29000011DC4 /* Images.xcassets in Resources */,
				B264695B1A73755700554368 /* Spongebob-RainbowButtSalt.gif in Resources */,
				B26469231A73755700554368 /* GeorgeTakei-OhMy.gif in Resources */,
				B26469151A73755700554368 /* Endless-RainingBuffalo.gif in Resources */,
				B264693F1A73755700554368 /* Okay.gif in Resources */,
				B26468F71A73755700554368 /* Cat-What!?.gif in Resources */,
				B26469491A73755700554368 /* PokemonMagcarp.gif in Resources */,
				B26469291A73755700554368 /* HotRod-Dancing.gif in Resources */,
				B26468F11A73755700554368 /* BlackGirlSquint.GIF in Resources */,
				B26468D41A73755700554368 /* adventuretime-bmodancing.gif in Resources */,
				B26468E91A73755700554368 /* arresteddevelopment-excuseme.gif in Resources */,
				B264693B1A73755700554368 /* Nod-ArrestedDev.gif in Resources */,
				B26469511A73755700554368 /* RichardSimmons.GIF in Resources */,
				B26469461A73755700554368 /* ParksAndRec-WipeHundredTimes.gif in Resources */,
				B26468DA1A73755700554368 /* adventuretime-jake-rainbow.gif in Resources */,
			);
			runOnlyForDeploymentPostprocessing = 0;
		};
		B2F1D0A11A70F29000011DC4 /* Resources */ = {
			isa = PBXResourcesBuildPhase;
			buildActionMask = 2147483647;
			files = (
			);
			runOnlyForDeploymentPostprocessing = 0;
		};
/* End PBXResourcesBuildPhase section */

/* Begin PBXSourcesBuildPhase section */
		B2F1D08A1A70F29000011DC4 /* Sources */ = {
			isa = PBXSourcesBuildPhase;
			buildActionMask = 2147483647;
			files = (
				B2F1D0961A70F29000011DC4 /* GifViewController.swift in Sources */,
				B23D22081A7237B4005E50A4 /* JTSImageInfo.m in Sources */,
				B2F1D0941A70F29000011DC4 /* AppDelegate.swift in Sources */,
				B2834FAC1A719C7000E30A3A /* GifHeaderView.swift in Sources */,
				B2F1D0BC1A70F50D00011DC4 /* GifCell.swift in Sources */,
				B23D22091A7237B4005E50A4 /* JTSImageViewController.m in Sources */,
				B23D22071A7237B4005E50A4 /* JTSAnimatedGIFUtility.m in Sources */,
				B2F1D0B91A70F2D600011DC4 /* FLAnimatedImage.m in Sources */,
				B23D220C1A7237B4005E50A4 /* UIImage+JTSImageEffects.m in Sources */,
				B23D220A1A7237B4005E50A4 /* JTSSimpleImageDownloader.m in Sources */,
				B2F1D0BA1A70F2D600011DC4 /* FLAnimatedImageView.m in Sources */,
				B23D220B1A7237B4005E50A4 /* UIApplication+JTSImageViewController.m in Sources */,
			);
			runOnlyForDeploymentPostprocessing = 0;
		};
		B2F1D09F1A70F29000011DC4 /* Sources */ = {
			isa = PBXSourcesBuildPhase;
			buildActionMask = 2147483647;
			files = (
				B2F1D0AA1A70F29000011DC4 /* GifVaultTests.swift in Sources */,
			);
			runOnlyForDeploymentPostprocessing = 0;
		};
/* End PBXSourcesBuildPhase section */

/* Begin PBXTargetDependency section */
		B2F1D0A51A70F29000011DC4 /* PBXTargetDependency */ = {
			isa = PBXTargetDependency;
			target = B2F1D08D1A70F29000011DC4 /* GifVault */;
			targetProxy = B2F1D0A41A70F29000011DC4 /* PBXContainerItemProxy */;
		};
/* End PBXTargetDependency section */

/* Begin PBXVariantGroup section */
		B2F1D0971A70F29000011DC4 /* Main.storyboard */ = {
			isa = PBXVariantGroup;
			children = (
				B2F1D0981A70F29000011DC4 /* Base */,
			);
			name = Main.storyboard;
			sourceTree = "<group>";
		};
		B2F1D09C1A70F29000011DC4 /* LaunchScreen.xib */ = {
			isa = PBXVariantGroup;
			children = (
				B2F1D09D1A70F29000011DC4 /* Base */,
			);
			name = LaunchScreen.xib;
			sourceTree = "<group>";
		};
/* End PBXVariantGroup section */

/* Begin XCBuildConfiguration section */
		B2F1D0AB1A70F29000011DC4 /* Debug */ = {
			isa = XCBuildConfiguration;
			buildSettings = {
				ALWAYS_SEARCH_USER_PATHS = NO;
				CLANG_CXX_LANGUAGE_STANDARD = "gnu++0x";
				CLANG_CXX_LIBRARY = "libc++";
				CLANG_ENABLE_MODULES = YES;
				CLANG_ENABLE_OBJC_ARC = YES;
				CLANG_WARN_BOOL_CONVERSION = YES;
				CLANG_WARN_CONSTANT_CONVERSION = YES;
				CLANG_WARN_DIRECT_OBJC_ISA_USAGE = YES_ERROR;
				CLANG_WARN_EMPTY_BODY = YES;
				CLANG_WARN_ENUM_CONVERSION = YES;
				CLANG_WARN_INT_CONVERSION = YES;
				CLANG_WARN_OBJC_ROOT_CLASS = YES_ERROR;
				CLANG_WARN_UNREACHABLE_CODE = YES;
				CLANG_WARN__DUPLICATE_METHOD_MATCH = YES;
				"CODE_SIGN_IDENTITY[sdk=iphoneos*]" = "iPhone Developer";
				COPY_PHASE_STRIP = NO;
				ENABLE_STRICT_OBJC_MSGSEND = YES;
				GCC_C_LANGUAGE_STANDARD = gnu99;
				GCC_DYNAMIC_NO_PIC = NO;
				GCC_OPTIMIZATION_LEVEL = 0;
				GCC_PREPROCESSOR_DEFINITIONS = (
					"DEBUG=1",
					"$(inherited)",
				);
				GCC_SYMBOLS_PRIVATE_EXTERN = NO;
				GCC_WARN_64_TO_32_BIT_CONVERSION = YES;
				GCC_WARN_ABOUT_RETURN_TYPE = YES_ERROR;
				GCC_WARN_UNDECLARED_SELECTOR = YES;
				GCC_WARN_UNINITIALIZED_AUTOS = YES_AGGRESSIVE;
				GCC_WARN_UNUSED_FUNCTION = YES;
				GCC_WARN_UNUSED_VARIABLE = YES;
				IPHONEOS_DEPLOYMENT_TARGET = 8.2;
				MTL_ENABLE_DEBUG_INFO = YES;
				ONLY_ACTIVE_ARCH = YES;
				SDKROOT = iphoneos;
				SWIFT_OPTIMIZATION_LEVEL = "-Onone";
				TARGETED_DEVICE_FAMILY = "1,2";
			};
			name = Debug;
		};
		B2F1D0AC1A70F29000011DC4 /* Release */ = {
			isa = XCBuildConfiguration;
			buildSettings = {
				ALWAYS_SEARCH_USER_PATHS = NO;
				CLANG_CXX_LANGUAGE_STANDARD = "gnu++0x";
				CLANG_CXX_LIBRARY = "libc++";
				CLANG_ENABLE_MODULES = YES;
				CLANG_ENABLE_OBJC_ARC = YES;
				CLANG_WARN_BOOL_CONVERSION = YES;
				CLANG_WARN_CONSTANT_CONVERSION = YES;
				CLANG_WARN_DIRECT_OBJC_ISA_USAGE = YES_ERROR;
				CLANG_WARN_EMPTY_BODY = YES;
				CLANG_WARN_ENUM_CONVERSION = YES;
				CLANG_WARN_INT_CONVERSION = YES;
				CLANG_WARN_OBJC_ROOT_CLASS = YES_ERROR;
				CLANG_WARN_UNREACHABLE_CODE = YES;
				CLANG_WARN__DUPLICATE_METHOD_MATCH = YES;
				"CODE_SIGN_IDENTITY[sdk=iphoneos*]" = "iPhone Developer";
				COPY_PHASE_STRIP = NO;
				ENABLE_NS_ASSERTIONS = NO;
				ENABLE_STRICT_OBJC_MSGSEND = YES;
				GCC_C_LANGUAGE_STANDARD = gnu99;
				GCC_WARN_64_TO_32_BIT_CONVERSION = YES;
				GCC_WARN_ABOUT_RETURN_TYPE = YES_ERROR;
				GCC_WARN_UNDECLARED_SELECTOR = YES;
				GCC_WARN_UNINITIALIZED_AUTOS = YES_AGGRESSIVE;
				GCC_WARN_UNUSED_FUNCTION = YES;
				GCC_WARN_UNUSED_VARIABLE = YES;
				IPHONEOS_DEPLOYMENT_TARGET = 8.2;
				MTL_ENABLE_DEBUG_INFO = NO;
				SDKROOT = iphoneos;
				TARGETED_DEVICE_FAMILY = "1,2";
				VALIDATE_PRODUCT = YES;
			};
			name = Release;
		};
		B2F1D0AE1A70F29000011DC4 /* Debug */ = {
			isa = XCBuildConfiguration;
			buildSettings = {
				ASSETCATALOG_COMPILER_APPICON_NAME = AppIconRed;
				CLANG_ENABLE_MODULES = YES;
				INFOPLIST_FILE = GifVault/Info.plist;
				LD_RUNPATH_SEARCH_PATHS = "$(inherited) @executable_path/Frameworks";
				PRODUCT_NAME = "$(TARGET_NAME)";
				SWIFT_OBJC_BRIDGING_HEADER = "GifVault/GifVault-Bridging-Header.h";
				SWIFT_OPTIMIZATION_LEVEL = "-Onone";
			};
			name = Debug;
		};
		B2F1D0AF1A70F29000011DC4 /* Release */ = {
			isa = XCBuildConfiguration;
			buildSettings = {
				ASSETCATALOG_COMPILER_APPICON_NAME = AppIconRed;
				CLANG_ENABLE_MODULES = YES;
				INFOPLIST_FILE = GifVault/Info.plist;
				LD_RUNPATH_SEARCH_PATHS = "$(inherited) @executable_path/Frameworks";
				PRODUCT_NAME = "$(TARGET_NAME)";
				SWIFT_OBJC_BRIDGING_HEADER = "GifVault/GifVault-Bridging-Header.h";
			};
			name = Release;
		};
		B2F1D0B11A70F29000011DC4 /* Debug */ = {
			isa = XCBuildConfiguration;
			buildSettings = {
				BUNDLE_LOADER = "$(TEST_HOST)";
				FRAMEWORK_SEARCH_PATHS = (
					"$(SDKROOT)/Developer/Library/Frameworks",
					"$(inherited)",
				);
				GCC_PREPROCESSOR_DEFINITIONS = (
					"DEBUG=1",
					"$(inherited)",
				);
				INFOPLIST_FILE = GifVaultTests/Info.plist;
				LD_RUNPATH_SEARCH_PATHS = "$(inherited) @executable_path/Frameworks @loader_path/Frameworks";
				PRODUCT_NAME = "$(TARGET_NAME)";
				TEST_HOST = "$(BUILT_PRODUCTS_DIR)/GifVault.app/GifVault";
			};
			name = Debug;
		};
		B2F1D0B21A70F29000011DC4 /* Release */ = {
			isa = XCBuildConfiguration;
			buildSettings = {
				BUNDLE_LOADER = "$(TEST_HOST)";
				FRAMEWORK_SEARCH_PATHS = (
					"$(SDKROOT)/Developer/Library/Frameworks",
					"$(inherited)",
				);
				INFOPLIST_FILE = GifVaultTests/Info.plist;
				LD_RUNPATH_SEARCH_PATHS = "$(inherited) @executable_path/Frameworks @loader_path/Frameworks";
				PRODUCT_NAME = "$(TARGET_NAME)";
				TEST_HOST = "$(BUILT_PRODUCTS_DIR)/GifVault.app/GifVault";
			};
			name = Release;
		};
/* End XCBuildConfiguration section */

/* Begin XCConfigurationList section */
		B2F1D0891A70F29000011DC4 /* Build configuration list for PBXProject "GifVault" */ = {
			isa = XCConfigurationList;
			buildConfigurations = (
				B2F1D0AB1A70F29000011DC4 /* Debug */,
				B2F1D0AC1A70F29000011DC4 /* Release */,
			);
			defaultConfigurationIsVisible = 0;
			defaultConfigurationName = Release;
		};
		B2F1D0AD1A70F29000011DC4 /* Build configuration list for PBXNativeTarget "GifVault" */ = {
			isa = XCConfigurationList;
			buildConfigurations = (
				B2F1D0AE1A70F29000011DC4 /* Debug */,
				B2F1D0AF1A70F29000011DC4 /* Release */,
			);
			defaultConfigurationIsVisible = 0;
			defaultConfigurationName = Release;
		};
		B2F1D0B01A70F29000011DC4 /* Build configuration list for PBXNativeTarget "GifVaultTests" */ = {
			isa = XCConfigurationList;
			buildConfigurations = (
				B2F1D0B11A70F29000011DC4 /* Debug */,
				B2F1D0B21A70F29000011DC4 /* Release */,
			);
			defaultConfigurationIsVisible = 0;
			defaultConfigurationName = Release;
		};
/* End XCConfigurationList section */
	};
	rootObject = B2F1D0861A70F29000011DC4 /* Project object */;
}
